// !$*UTF8*$!
{
	archiveVersion = 1;
	classes = {
	};
	objectVersion = 77;
	objects = {

/* Begin PBXBuildFile section */
		050CB6152E93EEDC0060E2AD /*  MainScreenFeature.swift in Sources */ = {isa = PBXBuildFile; fileRef = 050CB6122E93EEDC0060E2AD /*  MainScreenFeature.swift */; };
		050CB6162E93EEDC0060E2AD /* MainScreenView.swift in Sources */ = {isa = PBXBuildFile; fileRef = 050CB6132E93EEDC0060E2AD /* MainScreenView.swift */; };
		051D569F2EA3B273006C0D10 /* QuizTransitionButtonsView.swift in Sources */ = {isa = PBXBuildFile; fileRef = 051D569E2EA3B273006C0D10 /* QuizTransitionButtonsView.swift */; };
		051D56A12EA3BC0F006C0D10 /* CustomSheet.swift in Sources */ = {isa = PBXBuildFile; fileRef = 051D56A02EA3BC0F006C0D10 /* CustomSheet.swift */; };
		051D56A42EA3BF55006C0D10 /* QuizPauseView.swift in Sources */ = {isa = PBXBuildFile; fileRef = 051D56A32EA3BF55006C0D10 /* QuizPauseView.swift */; };
		0533878D2E8A7D7300554004 /* QuizTable.swift in Sources */ = {isa = PBXBuildFile; fileRef = 0533878C2E8A7D7300554004 /* QuizTable.swift */; };
		0533878F2E8A7D8B00554004 /* QuestionTable.swift in Sources */ = {isa = PBXBuildFile; fileRef = 0533878E2E8A7D8B00554004 /* QuestionTable.swift */; };
		053387912E8A7D9000554004 /* AnswerTable.swift in Sources */ = {isa = PBXBuildFile; fileRef = 053387902E8A7D9000554004 /* AnswerTable.swift */; };
		053387CE2E8AAB0000554004 /* SeedService.swift in Sources */ = {isa = PBXBuildFile; fileRef = 053387CD2E8AAB0000554004 /* SeedService.swift */; };
		053388552E8C1A8C00554004 /* Source.swift in Sources */ = {isa = PBXBuildFile; fileRef = 053388542E8C1A8C00554004 /* Source.swift */; };
		053388572E8C1ACA00554004 /* Quiz.swift in Sources */ = {isa = PBXBuildFile; fileRef = 053388562E8C1ACA00554004 /* Quiz.swift */; };
		053388592E8C1B0900554004 /* Question.swift in Sources */ = {isa = PBXBuildFile; fileRef = 053388582E8C1B0900554004 /* Question.swift */; };
		0533885B2E8C1B1800554004 /* Answer.swift in Sources */ = {isa = PBXBuildFile; fileRef = 0533885A2E8C1B1800554004 /* Answer.swift */; };
		053FB0452EA635F1002EE73B /* Transition.swift in Sources */ = {isa = PBXBuildFile; fileRef = 053FB0442EA635F1002EE73B /* Transition.swift */; };
		05402BB72E9FE89C00AA10EE /* SettingsSectionView.swift in Sources */ = {isa = PBXBuildFile; fileRef = 05402BB62E9FE89C00AA10EE /* SettingsSectionView.swift */; };
		05402BB92E9FEDD100AA10EE /* FullBanner.swift in Sources */ = {isa = PBXBuildFile; fileRef = 05402BB82E9FEDD100AA10EE /* FullBanner.swift */; };
		05402BBB2E9FEED200AA10EE /* SettingsButtonView.swift in Sources */ = {isa = PBXBuildFile; fileRef = 05402BBA2E9FEED200AA10EE /* SettingsButtonView.swift */; };
		05402BBD2E9FF44D00AA10EE /* SettingsFooterView.swift in Sources */ = {isa = PBXBuildFile; fileRef = 05402BBC2E9FF44D00AA10EE /* SettingsFooterView.swift */; };
		0544F3BE2E9955FB00720EB1 /*  AllQuizzesFeature.swift in Sources */ = {isa = PBXBuildFile; fileRef = 0544F3BB2E9955FB00720EB1 /*  AllQuizzesFeature.swift */; };
		0544F3BF2E9955FB00720EB1 /* AllQuizzesView.swift in Sources */ = {isa = PBXBuildFile; fileRef = 0544F3BC2E9955FB00720EB1 /* AllQuizzesView.swift */; };
		054AB5F42EA11ED8005EDAC7 /* QuizTopBarView.swift in Sources */ = {isa = PBXBuildFile; fileRef = 054AB5F32EA11ED8005EDAC7 /* QuizTopBarView.swift */; };
		054AB5F62EA124C0005EDAC7 /* QuizQuestionView.swift in Sources */ = {isa = PBXBuildFile; fileRef = 054AB5F52EA124C0005EDAC7 /* QuizQuestionView.swift */; };
		054AB5F82EA15D3A005EDAC7 /* QuizProgressIndicator.swift in Sources */ = {isa = PBXBuildFile; fileRef = 054AB5F72EA15D3A005EDAC7 /* QuizProgressIndicator.swift */; };
		054AB5FA2EA23E67005EDAC7 /* MainButtonShape.swift in Sources */ = {isa = PBXBuildFile; fileRef = 054AB5F92EA23E67005EDAC7 /* MainButtonShape.swift */; };
		054AB5FC2EA25C61005EDAC7 /* QuizAnswerButtonView.swift in Sources */ = {isa = PBXBuildFile; fileRef = 054AB5FB2EA25C61005EDAC7 /* QuizAnswerButtonView.swift */; };
		054AB5FE2EA2628C005EDAC7 /* QuizWhyButtonView.swift in Sources */ = {isa = PBXBuildFile; fileRef = 054AB5FD2EA2628C005EDAC7 /* QuizWhyButtonView.swift */; };
		054AB6002EA2647C005EDAC7 /* QuizExpectedMarkView.swift in Sources */ = {isa = PBXBuildFile; fileRef = 054AB5FF2EA2647C005EDAC7 /* QuizExpectedMarkView.swift */; };
		054AB6042EA27A23005EDAC7 /* QuizWhyFeature.swift in Sources */ = {isa = PBXBuildFile; fileRef = 054AB6012EA27A23005EDAC7 /* QuizWhyFeature.swift */; };
		054AB6052EA27A23005EDAC7 /* QuizWhyView.swift in Sources */ = {isa = PBXBuildFile; fileRef = 054AB6022EA27A23005EDAC7 /* QuizWhyView.swift */; };
		054D782B2E96A04800DFCD34 /* CrabsAnimation.swift in Sources */ = {isa = PBXBuildFile; fileRef = 054D782A2E96A04800DFCD34 /* CrabsAnimation.swift */; };
		054D782E2E96AE1600DFCD34 /* CrabModel.swift in Sources */ = {isa = PBXBuildFile; fileRef = 054D782D2E96AE1600DFCD34 /* CrabModel.swift */; };
		054D78302E96AE3800DFCD34 /* CrabView.swift in Sources */ = {isa = PBXBuildFile; fileRef = 054D782F2E96AE3700DFCD34 /* CrabView.swift */; };
		054D784F2E96AFED00DFCD34 /* MainBackground.swift in Sources */ = {isa = PBXBuildFile; fileRef = 054D784E2E96AFED00DFCD34 /* MainBackground.swift */; };
		054D78522E96B44300DFCD34 /* FiraSans-Regular.ttf in Resources */ = {isa = PBXBuildFile; fileRef = 054D78512E96B44300DFCD34 /* FiraSans-Regular.ttf */; };
		054D78542E96B45200DFCD34 /* AlfaSlabOne-Regular.ttf in Resources */ = {isa = PBXBuildFile; fileRef = 054D78532E96B45200DFCD34 /* AlfaSlabOne-Regular.ttf */; };
		054D78572E96B5C000DFCD34 /* MainFont.swift in Sources */ = {isa = PBXBuildFile; fileRef = 054D78562E96B5C000DFCD34 /* MainFont.swift */; };
		054D785A2E96B7F300DFCD34 /* MainTitleView.swift in Sources */ = {isa = PBXBuildFile; fileRef = 054D78592E96B7F300DFCD34 /* MainTitleView.swift */; };
		054D785C2E96BBB900DFCD34 /* SubFont.swift in Sources */ = {isa = PBXBuildFile; fileRef = 054D785B2E96BBB900DFCD34 /* SubFont.swift */; };
		054D785F2E96BCAC00DFCD34 /* CustomColor.swift in Sources */ = {isa = PBXBuildFile; fileRef = 054D785E2E96BCAC00DFCD34 /* CustomColor.swift */; };
		0554FDB12E9937F30087A88C /* MainSourceSectionView.swift in Sources */ = {isa = PBXBuildFile; fileRef = 0554FDB02E9937F30087A88C /* MainSourceSectionView.swift */; };
		0554FDB52E9941A70087A88C /* MainQuizButtonView.swift in Sources */ = {isa = PBXBuildFile; fileRef = 0554FDB42E9941A70087A88C /* MainQuizButtonView.swift */; };
		055EB71D2E9065E4003C2459 /* Localizable.xcstrings in Resources */ = {isa = PBXBuildFile; fileRef = 055EB71C2E9065E4003C2459 /* Localizable.xcstrings */; };
		056C6C132E868A07006C44D3 /* Assets.xcassets in Resources */ = {isa = PBXBuildFile; fileRef = 056C6C0F2E868A07006C44D3 /* Assets.xcassets */; };
		056C6C152E868A07006C44D3 /* RustQuizApp.swift in Sources */ = {isa = PBXBuildFile; fileRef = 056C6C112E868A07006C44D3 /* RustQuizApp.swift */; };
		056C6C182E868A47006C44D3 /* ComposableArchitecture in Frameworks */ = {isa = PBXBuildFile; productRef = 056C6C172E868A47006C44D3 /* ComposableArchitecture */; };
		056C6C612E868E98006C44D3 /* RootScreenView.swift in Sources */ = {isa = PBXBuildFile; fileRef = 056C6C5F2E868E98006C44D3 /* RootScreenView.swift */; };
		056C6C622E868E98006C44D3 /*  RootScreenFeature.swift in Sources */ = {isa = PBXBuildFile; fileRef = 056C6C5E2E868E98006C44D3 /*  RootScreenFeature.swift */; };
		056C6CDD2E86B47D006C44D3 /*  SettingsScreenFeature.swift in Sources */ = {isa = PBXBuildFile; fileRef = 056C6CDA2E86B47D006C44D3 /*  SettingsScreenFeature.swift */; };
		056C6CDE2E86B47D006C44D3 /* SettingsScreenView.swift in Sources */ = {isa = PBXBuildFile; fileRef = 056C6CDB2E86B47D006C44D3 /* SettingsScreenView.swift */; };
		056C6CE22E86B48C006C44D3 /* QuizScreenView.swift in Sources */ = {isa = PBXBuildFile; fileRef = 056C6CE02E86B48C006C44D3 /* QuizScreenView.swift */; };
		056C6CE32E86B48C006C44D3 /*  QuizScreenFeature.swift in Sources */ = {isa = PBXBuildFile; fileRef = 056C6CDF2E86B48C006C44D3 /*  QuizScreenFeature.swift */; };
		056C6CE72E86B644006C44D3 /* MainNavigationScreenFeature.swift in Sources */ = {isa = PBXBuildFile; fileRef = 056C6CE42E86B644006C44D3 /* MainNavigationScreenFeature.swift */; };
		056C6CE82E86B644006C44D3 /* MainNavigationScreenView.swift in Sources */ = {isa = PBXBuildFile; fileRef = 056C6CE52E86B644006C44D3 /* MainNavigationScreenView.swift */; };
		056C6CEC2E86B6BB006C44D3 /*  OnBoardingScreenFeature.swift in Sources */ = {isa = PBXBuildFile; fileRef = 056C6CE92E86B6BB006C44D3 /*  OnBoardingScreenFeature.swift */; };
		056C6CED2E86B6BB006C44D3 /* OnBoardingScreenView.swift in Sources */ = {isa = PBXBuildFile; fileRef = 056C6CEA2E86B6BB006C44D3 /* OnBoardingScreenView.swift */; };
		056C6D0B2E86C85D006C44D3 /* SQLiteData in Frameworks */ = {isa = PBXBuildFile; productRef = 056C6D0A2E86C85D006C44D3 /* SQLiteData */; };
		056C6D0E2E89318B006C44D3 /* SourceTable.swift in Sources */ = {isa = PBXBuildFile; fileRef = 056C6D0D2E89318B006C44D3 /* SourceTable.swift */; };
		056C6D112E8940A1006C44D3 /* StorageService.swift in Sources */ = {isa = PBXBuildFile; fileRef = 056C6D102E8940A1006C44D3 /* StorageService.swift */; };
		0591A37D2E9A6D6F00306B7D /* sources.json in Resources */ = {isa = PBXBuildFile; fileRef = 0591A37C2E9A6D6F00306B7D /* sources.json */; };
		05ABF8402E982CD90071C08A /* ScreenSizeKey.swift in Sources */ = {isa = PBXBuildFile; fileRef = 05ABF83F2E982CD90071C08A /* ScreenSizeKey.swift */; };
		05C16D732E97D7CB00C35053 /* TopBarButtonShape.swift in Sources */ = {isa = PBXBuildFile; fileRef = 05C16D722E97D7CB00C35053 /* TopBarButtonShape.swift */; };
		05C16D752E97DCEB00C35053 /* MainTopBarView.swift in Sources */ = {isa = PBXBuildFile; fileRef = 05C16D742E97DCEB00C35053 /* MainTopBarView.swift */; };
		05C16D782E97E75A00C35053 /* ButtonPressInStyle.swift in Sources */ = {isa = PBXBuildFile; fileRef = 05C16D772E97E75A00C35053 /* ButtonPressInStyle.swift */; };
		05C16D7A2E97EB8500C35053 /* Banner.swift in Sources */ = {isa = PBXBuildFile; fileRef = 05C16D792E97EB8500C35053 /* Banner.swift */; };
		05C16D7C2E97F10100C35053 /* MainProgressView.swift in Sources */ = {isa = PBXBuildFile; fileRef = 05C16D7B2E97F10100C35053 /* MainProgressView.swift */; };
		05FA733C2E9FE29B003B9E10 /* SettingsTopBarView.swift in Sources */ = {isa = PBXBuildFile; fileRef = 05FA733B2E9FE29B003B9E10 /* SettingsTopBarView.swift */; };
		05FA733E2E9FE2A4003B9E10 /* SettingsTitleView.swift in Sources */ = {isa = PBXBuildFile; fileRef = 05FA733D2E9FE2A4003B9E10 /* SettingsTitleView.swift */; };
/* End PBXBuildFile section */

/* Begin PBXFileReference section */
		050CB6122E93EEDC0060E2AD /*  MainScreenFeature.swift */ = {isa = PBXFileReference; lastKnownFileType = sourcecode.swift; path = " MainScreenFeature.swift"; sourceTree = "<group>"; };
		050CB6132E93EEDC0060E2AD /* MainScreenView.swift */ = {isa = PBXFileReference; lastKnownFileType = sourcecode.swift; path = MainScreenView.swift; sourceTree = "<group>"; };
		051D569E2EA3B273006C0D10 /* QuizTransitionButtonsView.swift */ = {isa = PBXFileReference; lastKnownFileType = sourcecode.swift; path = QuizTransitionButtonsView.swift; sourceTree = "<group>"; };
		051D56A02EA3BC0F006C0D10 /* CustomSheet.swift */ = {isa = PBXFileReference; lastKnownFileType = sourcecode.swift; path = CustomSheet.swift; sourceTree = "<group>"; };
		051D56A32EA3BF55006C0D10 /* QuizPauseView.swift */ = {isa = PBXFileReference; lastKnownFileType = sourcecode.swift; path = QuizPauseView.swift; sourceTree = "<group>"; };
		0533878C2E8A7D7300554004 /* QuizTable.swift */ = {isa = PBXFileReference; lastKnownFileType = sourcecode.swift; path = QuizTable.swift; sourceTree = "<group>"; };
		0533878E2E8A7D8B00554004 /* QuestionTable.swift */ = {isa = PBXFileReference; lastKnownFileType = sourcecode.swift; path = QuestionTable.swift; sourceTree = "<group>"; };
		053387902E8A7D9000554004 /* AnswerTable.swift */ = {isa = PBXFileReference; lastKnownFileType = sourcecode.swift; path = AnswerTable.swift; sourceTree = "<group>"; };
		053387CD2E8AAB0000554004 /* SeedService.swift */ = {isa = PBXFileReference; lastKnownFileType = sourcecode.swift; path = SeedService.swift; sourceTree = "<group>"; };
		053388542E8C1A8C00554004 /* Source.swift */ = {isa = PBXFileReference; lastKnownFileType = sourcecode.swift; path = Source.swift; sourceTree = "<group>"; };
		053388562E8C1ACA00554004 /* Quiz.swift */ = {isa = PBXFileReference; lastKnownFileType = sourcecode.swift; path = Quiz.swift; sourceTree = "<group>"; };
		053388582E8C1B0900554004 /* Question.swift */ = {isa = PBXFileReference; lastKnownFileType = sourcecode.swift; path = Question.swift; sourceTree = "<group>"; };
		0533885A2E8C1B1800554004 /* Answer.swift */ = {isa = PBXFileReference; lastKnownFileType = sourcecode.swift; path = Answer.swift; sourceTree = "<group>"; };
		053FB0442EA635F1002EE73B /* Transition.swift */ = {isa = PBXFileReference; lastKnownFileType = sourcecode.swift; path = Transition.swift; sourceTree = "<group>"; };
		05402BB62E9FE89C00AA10EE /* SettingsSectionView.swift */ = {isa = PBXFileReference; lastKnownFileType = sourcecode.swift; path = SettingsSectionView.swift; sourceTree = "<group>"; };
		05402BB82E9FEDD100AA10EE /* FullBanner.swift */ = {isa = PBXFileReference; lastKnownFileType = sourcecode.swift; path = FullBanner.swift; sourceTree = "<group>"; };
		05402BBA2E9FEED200AA10EE /* SettingsButtonView.swift */ = {isa = PBXFileReference; lastKnownFileType = sourcecode.swift; path = SettingsButtonView.swift; sourceTree = "<group>"; };
		05402BBC2E9FF44D00AA10EE /* SettingsFooterView.swift */ = {isa = PBXFileReference; lastKnownFileType = sourcecode.swift; path = SettingsFooterView.swift; sourceTree = "<group>"; };
		0544F3BB2E9955FB00720EB1 /*  AllQuizzesFeature.swift */ = {isa = PBXFileReference; lastKnownFileType = sourcecode.swift; path = " AllQuizzesFeature.swift"; sourceTree = "<group>"; };
		0544F3BC2E9955FB00720EB1 /* AllQuizzesView.swift */ = {isa = PBXFileReference; lastKnownFileType = sourcecode.swift; path = AllQuizzesView.swift; sourceTree = "<group>"; };
		054AB5F32EA11ED8005EDAC7 /* QuizTopBarView.swift */ = {isa = PBXFileReference; lastKnownFileType = sourcecode.swift; path = QuizTopBarView.swift; sourceTree = "<group>"; };
		054AB5F52EA124C0005EDAC7 /* QuizQuestionView.swift */ = {isa = PBXFileReference; lastKnownFileType = sourcecode.swift; path = QuizQuestionView.swift; sourceTree = "<group>"; };
		054AB5F72EA15D3A005EDAC7 /* QuizProgressIndicator.swift */ = {isa = PBXFileReference; lastKnownFileType = sourcecode.swift; path = QuizProgressIndicator.swift; sourceTree = "<group>"; };
		054AB5F92EA23E67005EDAC7 /* MainButtonShape.swift */ = {isa = PBXFileReference; lastKnownFileType = sourcecode.swift; path = MainButtonShape.swift; sourceTree = "<group>"; };
		054AB5FB2EA25C61005EDAC7 /* QuizAnswerButtonView.swift */ = {isa = PBXFileReference; lastKnownFileType = sourcecode.swift; path = QuizAnswerButtonView.swift; sourceTree = "<group>"; };
		054AB5FD2EA2628C005EDAC7 /* QuizWhyButtonView.swift */ = {isa = PBXFileReference; lastKnownFileType = sourcecode.swift; path = QuizWhyButtonView.swift; sourceTree = "<group>"; };
		054AB5FF2EA2647C005EDAC7 /* QuizExpectedMarkView.swift */ = {isa = PBXFileReference; lastKnownFileType = sourcecode.swift; path = QuizExpectedMarkView.swift; sourceTree = "<group>"; };
		054AB6012EA27A23005EDAC7 /* QuizWhyFeature.swift */ = {isa = PBXFileReference; lastKnownFileType = sourcecode.swift; path = QuizWhyFeature.swift; sourceTree = "<group>"; };
		054AB6022EA27A23005EDAC7 /* QuizWhyView.swift */ = {isa = PBXFileReference; lastKnownFileType = sourcecode.swift; path = QuizWhyView.swift; sourceTree = "<group>"; };
		054D782A2E96A04800DFCD34 /* CrabsAnimation.swift */ = {isa = PBXFileReference; lastKnownFileType = sourcecode.swift; path = CrabsAnimation.swift; sourceTree = "<group>"; };
		054D782D2E96AE1600DFCD34 /* CrabModel.swift */ = {isa = PBXFileReference; lastKnownFileType = sourcecode.swift; path = CrabModel.swift; sourceTree = "<group>"; };
		054D782F2E96AE3700DFCD34 /* CrabView.swift */ = {isa = PBXFileReference; lastKnownFileType = sourcecode.swift; path = CrabView.swift; sourceTree = "<group>"; };
		054D784E2E96AFED00DFCD34 /* MainBackground.swift */ = {isa = PBXFileReference; lastKnownFileType = sourcecode.swift; path = MainBackground.swift; sourceTree = "<group>"; };
		054D78512E96B44300DFCD34 /* FiraSans-Regular.ttf */ = {isa = PBXFileReference; lastKnownFileType = file; path = "FiraSans-Regular.ttf"; sourceTree = "<group>"; };
		054D78532E96B45200DFCD34 /* AlfaSlabOne-Regular.ttf */ = {isa = PBXFileReference; lastKnownFileType = file; path = "AlfaSlabOne-Regular.ttf"; sourceTree = "<group>"; };
		054D78552E96B46100DFCD34 /* Info.plist */ = {isa = PBXFileReference; lastKnownFileType = text.plist; path = Info.plist; sourceTree = "<group>"; };
		054D78562E96B5C000DFCD34 /* MainFont.swift */ = {isa = PBXFileReference; lastKnownFileType = sourcecode.swift; path = MainFont.swift; sourceTree = "<group>"; };
		054D78592E96B7F300DFCD34 /* MainTitleView.swift */ = {isa = PBXFileReference; lastKnownFileType = sourcecode.swift; path = MainTitleView.swift; sourceTree = "<group>"; };
		054D785B2E96BBB900DFCD34 /* SubFont.swift */ = {isa = PBXFileReference; lastKnownFileType = sourcecode.swift; path = SubFont.swift; sourceTree = "<group>"; };
		054D785E2E96BCAC00DFCD34 /* CustomColor.swift */ = {isa = PBXFileReference; lastKnownFileType = sourcecode.swift; path = CustomColor.swift; sourceTree = "<group>"; };
		0554FDB02E9937F30087A88C /* MainSourceSectionView.swift */ = {isa = PBXFileReference; lastKnownFileType = sourcecode.swift; path = MainSourceSectionView.swift; sourceTree = "<group>"; };
		0554FDB42E9941A70087A88C /* MainQuizButtonView.swift */ = {isa = PBXFileReference; lastKnownFileType = sourcecode.swift; path = MainQuizButtonView.swift; sourceTree = "<group>"; };
		055EB71C2E9065E4003C2459 /* Localizable.xcstrings */ = {isa = PBXFileReference; lastKnownFileType = text.json.xcstrings; path = Localizable.xcstrings; sourceTree = "<group>"; };
		056C6C012E868A01006C44D3 /* RustQuiz.app */ = {isa = PBXFileReference; explicitFileType = wrapper.application; includeInIndex = 0; path = RustQuiz.app; sourceTree = BUILT_PRODUCTS_DIR; };
		056C6C0F2E868A07006C44D3 /* Assets.xcassets */ = {isa = PBXFileReference; lastKnownFileType = folder.assetcatalog; path = Assets.xcassets; sourceTree = "<group>"; };
		056C6C112E868A07006C44D3 /* RustQuizApp.swift */ = {isa = PBXFileReference; lastKnownFileType = sourcecode.swift; path = RustQuizApp.swift; sourceTree = "<group>"; };
		056C6C5E2E868E98006C44D3 /*  RootScreenFeature.swift */ = {isa = PBXFileReference; lastKnownFileType = sourcecode.swift; path = " RootScreenFeature.swift"; sourceTree = "<group>"; };
		056C6C5F2E868E98006C44D3 /* RootScreenView.swift */ = {isa = PBXFileReference; lastKnownFileType = sourcecode.swift; path = RootScreenView.swift; sourceTree = "<group>"; };
		056C6CDA2E86B47D006C44D3 /*  SettingsScreenFeature.swift */ = {isa = PBXFileReference; lastKnownFileType = sourcecode.swift; path = " SettingsScreenFeature.swift"; sourceTree = "<group>"; };
		056C6CDB2E86B47D006C44D3 /* SettingsScreenView.swift */ = {isa = PBXFileReference; lastKnownFileType = sourcecode.swift; path = SettingsScreenView.swift; sourceTree = "<group>"; };
		056C6CDF2E86B48C006C44D3 /*  QuizScreenFeature.swift */ = {isa = PBXFileReference; lastKnownFileType = sourcecode.swift; path = " QuizScreenFeature.swift"; sourceTree = "<group>"; };
		056C6CE02E86B48C006C44D3 /* QuizScreenView.swift */ = {isa = PBXFileReference; lastKnownFileType = sourcecode.swift; path = QuizScreenView.swift; sourceTree = "<group>"; };
		056C6CE42E86B644006C44D3 /* MainNavigationScreenFeature.swift */ = {isa = PBXFileReference; lastKnownFileType = sourcecode.swift; path = MainNavigationScreenFeature.swift; sourceTree = "<group>"; };
		056C6CE52E86B644006C44D3 /* MainNavigationScreenView.swift */ = {isa = PBXFileReference; lastKnownFileType = sourcecode.swift; path = MainNavigationScreenView.swift; sourceTree = "<group>"; };
		056C6CE92E86B6BB006C44D3 /*  OnBoardingScreenFeature.swift */ = {isa = PBXFileReference; lastKnownFileType = sourcecode.swift; path = " OnBoardingScreenFeature.swift"; sourceTree = "<group>"; };
		056C6CEA2E86B6BB006C44D3 /* OnBoardingScreenView.swift */ = {isa = PBXFileReference; lastKnownFileType = sourcecode.swift; path = OnBoardingScreenView.swift; sourceTree = "<group>"; };
		056C6D0D2E89318B006C44D3 /* SourceTable.swift */ = {isa = PBXFileReference; lastKnownFileType = sourcecode.swift; path = SourceTable.swift; sourceTree = "<group>"; };
		056C6D102E8940A1006C44D3 /* StorageService.swift */ = {isa = PBXFileReference; lastKnownFileType = sourcecode.swift; path = StorageService.swift; sourceTree = "<group>"; };
		0591A37C2E9A6D6F00306B7D /* sources.json */ = {isa = PBXFileReference; lastKnownFileType = text.json; path = sources.json; sourceTree = "<group>"; };
		05ABF83F2E982CD90071C08A /* ScreenSizeKey.swift */ = {isa = PBXFileReference; lastKnownFileType = sourcecode.swift; path = ScreenSizeKey.swift; sourceTree = "<group>"; };
		05C16D722E97D7CB00C35053 /* TopBarButtonShape.swift */ = {isa = PBXFileReference; lastKnownFileType = sourcecode.swift; path = TopBarButtonShape.swift; sourceTree = "<group>"; };
		05C16D742E97DCEB00C35053 /* MainTopBarView.swift */ = {isa = PBXFileReference; lastKnownFileType = sourcecode.swift; path = MainTopBarView.swift; sourceTree = "<group>"; };
		05C16D772E97E75A00C35053 /* ButtonPressInStyle.swift */ = {isa = PBXFileReference; lastKnownFileType = sourcecode.swift; path = ButtonPressInStyle.swift; sourceTree = "<group>"; };
		05C16D792E97EB8500C35053 /* Banner.swift */ = {isa = PBXFileReference; lastKnownFileType = sourcecode.swift; path = Banner.swift; sourceTree = "<group>"; };
		05C16D7B2E97F10100C35053 /* MainProgressView.swift */ = {isa = PBXFileReference; lastKnownFileType = sourcecode.swift; path = MainProgressView.swift; sourceTree = "<group>"; };
		05FA733B2E9FE29B003B9E10 /* SettingsTopBarView.swift */ = {isa = PBXFileReference; lastKnownFileType = sourcecode.swift; path = SettingsTopBarView.swift; sourceTree = "<group>"; };
		05FA733D2E9FE2A4003B9E10 /* SettingsTitleView.swift */ = {isa = PBXFileReference; lastKnownFileType = sourcecode.swift; path = SettingsTitleView.swift; sourceTree = "<group>"; };
/* End PBXFileReference section */

/* Begin PBXFrameworksBuildPhase section */
		056C6BFE2E868A01006C44D3 /* Frameworks */ = {
			isa = PBXFrameworksBuildPhase;
			buildActionMask = 2147483647;
			files = (
				056C6D0B2E86C85D006C44D3 /* SQLiteData in Frameworks */,
				056C6C182E868A47006C44D3 /* ComposableArchitecture in Frameworks */,
			);
			runOnlyForDeploymentPostprocessing = 0;
		};
/* End PBXFrameworksBuildPhase section */

/* Begin PBXGroup section */
		050CB6142E93EEDC0060E2AD /* MainScreen */ = {
			isa = PBXGroup;
			children = (
				0544F3BD2E9955FB00720EB1 /* AllQuizzesModalView */,
				054D78582E96B7E100DFCD34 /* Views */,
				050CB6122E93EEDC0060E2AD /*  MainScreenFeature.swift */,
				050CB6132E93EEDC0060E2AD /* MainScreenView.swift */,
			);
			path = MainScreen;
			sourceTree = "<group>";
		};
		051D56A22EA3BF2F006C0D10 /* QuizPauseView */ = {
			isa = PBXGroup;
			children = (
				051D56A32EA3BF55006C0D10 /* QuizPauseView.swift */,
			);
			path = QuizPauseView;
			sourceTree = "<group>";
		};
		053388532E8C1A5F00554004 /* Models */ = {
			isa = PBXGroup;
			children = (
				053388542E8C1A8C00554004 /* Source.swift */,
				053388562E8C1ACA00554004 /* Quiz.swift */,
				053388582E8C1B0900554004 /* Question.swift */,
				0533885A2E8C1B1800554004 /* Answer.swift */,
			);
			path = Models;
			sourceTree = "<group>";
		};
		053FB0432EA635E9002EE73B /* Enums */ = {
			isa = PBXGroup;
			children = (
				053FB0442EA635F1002EE73B /* Transition.swift */,
			);
			path = Enums;
			sourceTree = "<group>";
		};
		0544F3BD2E9955FB00720EB1 /* AllQuizzesModalView */ = {
			isa = PBXGroup;
			children = (
				0544F3BB2E9955FB00720EB1 /*  AllQuizzesFeature.swift */,
				0544F3BC2E9955FB00720EB1 /* AllQuizzesView.swift */,
			);
			path = AllQuizzesModalView;
			sourceTree = "<group>";
		};
		054AB5F22EA11DA7005EDAC7 /* Views */ = {
			isa = PBXGroup;
			children = (
				054AB5F32EA11ED8005EDAC7 /* QuizTopBarView.swift */,
				054AB5F52EA124C0005EDAC7 /* QuizQuestionView.swift */,
				054AB5F72EA15D3A005EDAC7 /* QuizProgressIndicator.swift */,
				054AB5FB2EA25C61005EDAC7 /* QuizAnswerButtonView.swift */,
				054AB5FD2EA2628C005EDAC7 /* QuizWhyButtonView.swift */,
				054AB5FF2EA2647C005EDAC7 /* QuizExpectedMarkView.swift */,
				051D569E2EA3B273006C0D10 /* QuizTransitionButtonsView.swift */,
			);
			path = Views;
			sourceTree = "<group>";
		};
		054AB6032EA27A23005EDAC7 /* QuizWhyView */ = {
			isa = PBXGroup;
			children = (
				054AB6012EA27A23005EDAC7 /* QuizWhyFeature.swift */,
				054AB6022EA27A23005EDAC7 /* QuizWhyView.swift */,
			);
			path = QuizWhyView;
			sourceTree = "<group>";
		};
		054D78272E9697A700DFCD34 /* Modifiers */ = {
			isa = PBXGroup;
			children = (
				054D784E2E96AFED00DFCD34 /* MainBackground.swift */,
				054D78562E96B5C000DFCD34 /* MainFont.swift */,
				054D785B2E96BBB900DFCD34 /* SubFont.swift */,
				05C16D722E97D7CB00C35053 /* TopBarButtonShape.swift */,
				05C16D792E97EB8500C35053 /* Banner.swift */,
				05402BB82E9FEDD100AA10EE /* FullBanner.swift */,
				054AB5F92EA23E67005EDAC7 /* MainButtonShape.swift */,
				051D56A02EA3BC0F006C0D10 /* CustomSheet.swift */,
			);
			path = Modifiers;
			sourceTree = "<group>";
		};
		054D782C2E96ADEE00DFCD34 /* CrabsAnimation */ = {
			isa = PBXGroup;
			children = (
				054D782A2E96A04800DFCD34 /* CrabsAnimation.swift */,
				054D782D2E96AE1600DFCD34 /* CrabModel.swift */,
				054D782F2E96AE3700DFCD34 /* CrabView.swift */,
			);
			path = CrabsAnimation;
			sourceTree = "<group>";
		};
		054D78332E96AF4400DFCD34 /* Animations */ = {
			isa = PBXGroup;
			children = (
				054D782C2E96ADEE00DFCD34 /* CrabsAnimation */,
			);
			path = Animations;
			sourceTree = "<group>";
		};
		054D78502E96B41400DFCD34 /* Fonts */ = {
			isa = PBXGroup;
			children = (
				054D78512E96B44300DFCD34 /* FiraSans-Regular.ttf */,
				054D78532E96B45200DFCD34 /* AlfaSlabOne-Regular.ttf */,
			);
			path = Fonts;
			sourceTree = "<group>";
		};
		054D78582E96B7E100DFCD34 /* Views */ = {
			isa = PBXGroup;
			children = (
				05C16D742E97DCEB00C35053 /* MainTopBarView.swift */,
				054D78592E96B7F300DFCD34 /* MainTitleView.swift */,
				05C16D7B2E97F10100C35053 /* MainProgressView.swift */,
				0554FDB02E9937F30087A88C /* MainSourceSectionView.swift */,
				0554FDB42E9941A70087A88C /* MainQuizButtonView.swift */,
			);
			path = Views;
			sourceTree = "<group>";
		};
		054D785D2E96BC9C00DFCD34 /* Enums */ = {
			isa = PBXGroup;
			children = (
				054D785E2E96BCAC00DFCD34 /* CustomColor.swift */,
			);
			path = Enums;
			sourceTree = "<group>";
		};
		055EB7222E91404E003C2459 /* SeedJSON */ = {
			isa = PBXGroup;
			children = (
				0591A37C2E9A6D6F00306B7D /* sources.json */,
			);
			path = SeedJSON;
			sourceTree = "<group>";
		};
		056C6BF82E868A01006C44D3 = {
			isa = PBXGroup;
			children = (
				056C6C122E868A07006C44D3 /* RustQuiz */,
				056C6C022E868A01006C44D3 /* Products */,
			);
			sourceTree = "<group>";
		};
		056C6C022E868A01006C44D3 /* Products */ = {
			isa = PBXGroup;
			children = (
				056C6C012E868A01006C44D3 /* RustQuiz.app */,
			);
			name = Products;
			sourceTree = "<group>";
		};
		056C6C122E868A07006C44D3 /* RustQuiz */ = {
			isa = PBXGroup;
			children = (
				054D78552E96B46100DFCD34 /* Info.plist */,
				05D5259E2E89546A0002C6BE /* App */,
				056C6C602E868E98006C44D3 /* RootScreen */,
				056C6CEB2E86B6BB006C44D3 /* OnBoardingScreen */,
				056C6CE62E86B644006C44D3 /* MainNavigationScreen */,
				050CB6142E93EEDC0060E2AD /* MainScreen */,
				056C6CDC2E86B47D006C44D3 /* SettingsScreen */,
				056C6CE12E86B48C006C44D3 /* QuizScreen */,
				054D78272E9697A700DFCD34 /* Modifiers */,
				05C16D762E97E73C00C35053 /* Styles */,
				05ABF83E2E982C080071C08A /* EnvironmentKeys */,
				054D78332E96AF4400DFCD34 /* Animations */,
				053388532E8C1A5F00554004 /* Models */,
				054D785D2E96BC9C00DFCD34 /* Enums */,
				056C6D0C2E89306F006C44D3 /* Schema */,
				056C6D0F2E894088006C44D3 /* Services */,
				055EB7222E91404E003C2459 /* SeedJSON */,
				05E635F32E8E8A4C0017E5B7 /* Localization */,
				054D78502E96B41400DFCD34 /* Fonts */,
				056C6C0F2E868A07006C44D3 /* Assets.xcassets */,
			);
			path = RustQuiz;
			sourceTree = "<group>";
		};
		056C6C602E868E98006C44D3 /* RootScreen */ = {
			isa = PBXGroup;
			children = (
				056C6C5E2E868E98006C44D3 /*  RootScreenFeature.swift */,
				056C6C5F2E868E98006C44D3 /* RootScreenView.swift */,
			);
			path = RootScreen;
			sourceTree = "<group>";
		};
		056C6CDC2E86B47D006C44D3 /* SettingsScreen */ = {
			isa = PBXGroup;
			children = (
				05FA733A2E9FE1C7003B9E10 /* Views */,
				056C6CDA2E86B47D006C44D3 /*  SettingsScreenFeature.swift */,
				056C6CDB2E86B47D006C44D3 /* SettingsScreenView.swift */,
			);
			path = SettingsScreen;
			sourceTree = "<group>";
		};
		056C6CE12E86B48C006C44D3 /* QuizScreen */ = {
			isa = PBXGroup;
			children = (
				053FB0432EA635E9002EE73B /* Enums */,
				051D56A22EA3BF2F006C0D10 /* QuizPauseView */,
				054AB6032EA27A23005EDAC7 /* QuizWhyView */,
				054AB5F22EA11DA7005EDAC7 /* Views */,
				056C6CDF2E86B48C006C44D3 /*  QuizScreenFeature.swift */,
				056C6CE02E86B48C006C44D3 /* QuizScreenView.swift */,
			);
			path = QuizScreen;
			sourceTree = "<group>";
		};
		056C6CE62E86B644006C44D3 /* MainNavigationScreen */ = {
			isa = PBXGroup;
			children = (
				056C6CE42E86B644006C44D3 /* MainNavigationScreenFeature.swift */,
				056C6CE52E86B644006C44D3 /* MainNavigationScreenView.swift */,
			);
			path = MainNavigationScreen;
			sourceTree = "<group>";
		};
		056C6CEB2E86B6BB006C44D3 /* OnBoardingScreen */ = {
			isa = PBXGroup;
			children = (
				056C6CE92E86B6BB006C44D3 /*  OnBoardingScreenFeature.swift */,
				056C6CEA2E86B6BB006C44D3 /* OnBoardingScreenView.swift */,
			);
			path = OnBoardingScreen;
			sourceTree = "<group>";
		};
		056C6D0C2E89306F006C44D3 /* Schema */ = {
			isa = PBXGroup;
			children = (
				056C6D0D2E89318B006C44D3 /* SourceTable.swift */,
				0533878C2E8A7D7300554004 /* QuizTable.swift */,
				0533878E2E8A7D8B00554004 /* QuestionTable.swift */,
				053387902E8A7D9000554004 /* AnswerTable.swift */,
			);
			path = Schema;
			sourceTree = "<group>";
		};
		056C6D0F2E894088006C44D3 /* Services */ = {
			isa = PBXGroup;
			children = (
				056C6D102E8940A1006C44D3 /* StorageService.swift */,
				053387CD2E8AAB0000554004 /* SeedService.swift */,
			);
			path = Services;
			sourceTree = "<group>";
		};
		05ABF83E2E982C080071C08A /* EnvironmentKeys */ = {
			isa = PBXGroup;
			children = (
				05ABF83F2E982CD90071C08A /* ScreenSizeKey.swift */,
			);
			path = EnvironmentKeys;
			sourceTree = "<group>";
		};
		05C16D762E97E73C00C35053 /* Styles */ = {
			isa = PBXGroup;
			children = (
				05C16D772E97E75A00C35053 /* ButtonPressInStyle.swift */,
			);
			path = Styles;
			sourceTree = "<group>";
		};
		05D5259E2E89546A0002C6BE /* App */ = {
			isa = PBXGroup;
			children = (
				056C6C112E868A07006C44D3 /* RustQuizApp.swift */,
			);
			path = App;
			sourceTree = "<group>";
		};
		05E635F32E8E8A4C0017E5B7 /* Localization */ = {
			isa = PBXGroup;
			children = (
				055EB71C2E9065E4003C2459 /* Localizable.xcstrings */,
			);
			path = Localization;
			sourceTree = "<group>";
		};
		05FA733A2E9FE1C7003B9E10 /* Views */ = {
			isa = PBXGroup;
			children = (
				05FA733B2E9FE29B003B9E10 /* SettingsTopBarView.swift */,
				05FA733D2E9FE2A4003B9E10 /* SettingsTitleView.swift */,
				05402BB62E9FE89C00AA10EE /* SettingsSectionView.swift */,
				05402BBA2E9FEED200AA10EE /* SettingsButtonView.swift */,
				05402BBC2E9FF44D00AA10EE /* SettingsFooterView.swift */,
			);
			path = Views;
			sourceTree = "<group>";
		};
/* End PBXGroup section */

/* Begin PBXNativeTarget section */
		056C6C002E868A01006C44D3 /* RustQuiz */ = {
			isa = PBXNativeTarget;
			buildConfigurationList = 056C6C0C2E868A02006C44D3 /* Build configuration list for PBXNativeTarget "RustQuiz" */;
			buildPhases = (
				056C6BFD2E868A01006C44D3 /* Sources */,
				056C6BFE2E868A01006C44D3 /* Frameworks */,
				056C6BFF2E868A01006C44D3 /* Resources */,
			);
			buildRules = (
			);
			dependencies = (
			);
			name = RustQuiz;
			packageProductDependencies = (
				056C6C172E868A47006C44D3 /* ComposableArchitecture */,
				056C6D0A2E86C85D006C44D3 /* SQLiteData */,
			);
			productName = RustQuiz;
			productReference = 056C6C012E868A01006C44D3 /* RustQuiz.app */;
			productType = "com.apple.product-type.application";
		};
/* End PBXNativeTarget section */

/* Begin PBXProject section */
		056C6BF92E868A01006C44D3 /* Project object */ = {
			isa = PBXProject;
			attributes = {
				BuildIndependentTargetsInParallel = 1;
				LastSwiftUpdateCheck = 2600;
				LastUpgradeCheck = 2600;
				TargetAttributes = {
					056C6C002E868A01006C44D3 = {
						CreatedOnToolsVersion = 26.0;
					};
				};
			};
			buildConfigurationList = 056C6BFC2E868A01006C44D3 /* Build configuration list for PBXProject "RustQuiz" */;
			developmentRegion = en;
			hasScannedForEncodings = 0;
			knownRegions = (
				en,
				Base,
				ru,
			);
			mainGroup = 056C6BF82E868A01006C44D3;
			minimizedProjectReferenceProxies = 1;
			packageReferences = (
				056C6C162E868A47006C44D3 /* XCRemoteSwiftPackageReference "swift-composable-architecture" */,
				056C6D092E86C85D006C44D3 /* XCRemoteSwiftPackageReference "sqlite-data" */,
			);
			preferredProjectObjectVersion = 77;
			productRefGroup = 056C6C022E868A01006C44D3 /* Products */;
			projectDirPath = "";
			projectRoot = "";
			targets = (
				056C6C002E868A01006C44D3 /* RustQuiz */,
			);
		};
/* End PBXProject section */

/* Begin PBXResourcesBuildPhase section */
		056C6BFF2E868A01006C44D3 /* Resources */ = {
			isa = PBXResourcesBuildPhase;
			buildActionMask = 2147483647;
			files = (
				056C6C132E868A07006C44D3 /* Assets.xcassets in Resources */,
				054D78522E96B44300DFCD34 /* FiraSans-Regular.ttf in Resources */,
				055EB71D2E9065E4003C2459 /* Localizable.xcstrings in Resources */,
				0591A37D2E9A6D6F00306B7D /* sources.json in Resources */,
				054D78542E96B45200DFCD34 /* AlfaSlabOne-Regular.ttf in Resources */,
			);
			runOnlyForDeploymentPostprocessing = 0;
		};
/* End PBXResourcesBuildPhase section */

/* Begin PBXSourcesBuildPhase section */
		056C6BFD2E868A01006C44D3 /* Sources */ = {
			isa = PBXSourcesBuildPhase;
			buildActionMask = 2147483647;
			files = (
				0533878F2E8A7D8B00554004 /* QuestionTable.swift in Sources */,
				056C6C152E868A07006C44D3 /* RustQuizApp.swift in Sources */,
				051D56A42EA3BF55006C0D10 /* QuizPauseView.swift in Sources */,
				053387CE2E8AAB0000554004 /* SeedService.swift in Sources */,
				0533885B2E8C1B1800554004 /* Answer.swift in Sources */,
				056C6C612E868E98006C44D3 /* RootScreenView.swift in Sources */,
				05FA733C2E9FE29B003B9E10 /* SettingsTopBarView.swift in Sources */,
				0554FDB12E9937F30087A88C /* MainSourceSectionView.swift in Sources */,
				054AB5FE2EA2628C005EDAC7 /* QuizWhyButtonView.swift in Sources */,
				050CB6152E93EEDC0060E2AD /*  MainScreenFeature.swift in Sources */,
				050CB6162E93EEDC0060E2AD /* MainScreenView.swift in Sources */,
				05C16D732E97D7CB00C35053 /* TopBarButtonShape.swift in Sources */,
				051D569F2EA3B273006C0D10 /* QuizTransitionButtonsView.swift in Sources */,
				0533878D2E8A7D7300554004 /* QuizTable.swift in Sources */,
				053388592E8C1B0900554004 /* Question.swift in Sources */,
				05C16D782E97E75A00C35053 /* ButtonPressInStyle.swift in Sources */,
				056C6C622E868E98006C44D3 /*  RootScreenFeature.swift in Sources */,
				056C6CE72E86B644006C44D3 /* MainNavigationScreenFeature.swift in Sources */,
				054D785A2E96B7F300DFCD34 /* MainTitleView.swift in Sources */,
				051D56A12EA3BC0F006C0D10 /* CustomSheet.swift in Sources */,
				056C6CE82E86B644006C44D3 /* MainNavigationScreenView.swift in Sources */,
				054AB5F82EA15D3A005EDAC7 /* QuizProgressIndicator.swift in Sources */,
				053387912E8A7D9000554004 /* AnswerTable.swift in Sources */,
				054D782E2E96AE1600DFCD34 /* CrabModel.swift in Sources */,
				05402BBB2E9FEED200AA10EE /* SettingsButtonView.swift in Sources */,
				0544F3BE2E9955FB00720EB1 /*  AllQuizzesFeature.swift in Sources */,
				05FA733E2E9FE2A4003B9E10 /* SettingsTitleView.swift in Sources */,
				0544F3BF2E9955FB00720EB1 /* AllQuizzesView.swift in Sources */,
				05C16D7C2E97F10100C35053 /* MainProgressView.swift in Sources */,
				054D78302E96AE3800DFCD34 /* CrabView.swift in Sources */,
				053FB0452EA635F1002EE73B /* Transition.swift in Sources */,
				056C6D112E8940A1006C44D3 /* StorageService.swift in Sources */,
				056C6CDD2E86B47D006C44D3 /*  SettingsScreenFeature.swift in Sources */,
				05C16D752E97DCEB00C35053 /* MainTopBarView.swift in Sources */,
				054AB5F42EA11ED8005EDAC7 /* QuizTopBarView.swift in Sources */,
				054D78572E96B5C000DFCD34 /* MainFont.swift in Sources */,
				056C6CDE2E86B47D006C44D3 /* SettingsScreenView.swift in Sources */,
				056C6CE22E86B48C006C44D3 /* QuizScreenView.swift in Sources */,
				05402BB92E9FEDD100AA10EE /* FullBanner.swift in Sources */,
				054AB5F62EA124C0005EDAC7 /* QuizQuestionView.swift in Sources */,
				056C6CE32E86B48C006C44D3 /*  QuizScreenFeature.swift in Sources */,
				054AB6042EA27A23005EDAC7 /* QuizWhyFeature.swift in Sources */,
				054AB6052EA27A23005EDAC7 /* QuizWhyView.swift in Sources */,
				054D782B2E96A04800DFCD34 /* CrabsAnimation.swift in Sources */,
				053388552E8C1A8C00554004 /* Source.swift in Sources */,
				053388572E8C1ACA00554004 /* Quiz.swift in Sources */,
				056C6D0E2E89318B006C44D3 /* SourceTable.swift in Sources */,
				054AB6002EA2647C005EDAC7 /* QuizExpectedMarkView.swift in Sources */,
				056C6CEC2E86B6BB006C44D3 /*  OnBoardingScreenFeature.swift in Sources */,
				054D785C2E96BBB900DFCD34 /* SubFont.swift in Sources */,
				054AB5FA2EA23E67005EDAC7 /* MainButtonShape.swift in Sources */,
				05402BB72E9FE89C00AA10EE /* SettingsSectionView.swift in Sources */,
				056C6CED2E86B6BB006C44D3 /* OnBoardingScreenView.swift in Sources */,
				054AB5FC2EA25C61005EDAC7 /* QuizAnswerButtonView.swift in Sources */,
				05C16D7A2E97EB8500C35053 /* Banner.swift in Sources */,
				0554FDB52E9941A70087A88C /* MainQuizButtonView.swift in Sources */,
				054D784F2E96AFED00DFCD34 /* MainBackground.swift in Sources */,
				05402BBD2E9FF44D00AA10EE /* SettingsFooterView.swift in Sources */,
				054D785F2E96BCAC00DFCD34 /* CustomColor.swift in Sources */,
				05ABF8402E982CD90071C08A /* ScreenSizeKey.swift in Sources */,
			);
			runOnlyForDeploymentPostprocessing = 0;
		};
/* End PBXSourcesBuildPhase section */

/* Begin XCBuildConfiguration section */
		056C6C0A2E868A02006C44D3 /* Debug */ = {
			isa = XCBuildConfiguration;
			buildSettings = {
				ALWAYS_SEARCH_USER_PATHS = NO;
				ASSETCATALOG_COMPILER_GENERATE_SWIFT_ASSET_SYMBOL_EXTENSIONS = YES;
				CLANG_ANALYZER_LOCALIZABILITY_NONLOCALIZED = YES;
				CLANG_ANALYZER_NONNULL = YES;
				CLANG_ANALYZER_NUMBER_OBJECT_CONVERSION = YES_AGGRESSIVE;
				CLANG_CXX_LANGUAGE_STANDARD = "gnu++20";
				CLANG_ENABLE_MODULES = YES;
				CLANG_ENABLE_OBJC_ARC = YES;
				CLANG_ENABLE_OBJC_WEAK = YES;
				CLANG_WARN_BLOCK_CAPTURE_AUTORELEASING = YES;
				CLANG_WARN_BOOL_CONVERSION = YES;
				CLANG_WARN_COMMA = YES;
				CLANG_WARN_CONSTANT_CONVERSION = YES;
				CLANG_WARN_DEPRECATED_OBJC_IMPLEMENTATIONS = YES;
				CLANG_WARN_DIRECT_OBJC_ISA_USAGE = YES_ERROR;
				CLANG_WARN_DOCUMENTATION_COMMENTS = YES;
				CLANG_WARN_EMPTY_BODY = YES;
				CLANG_WARN_ENUM_CONVERSION = YES;
				CLANG_WARN_INFINITE_RECURSION = YES;
				CLANG_WARN_INT_CONVERSION = YES;
				CLANG_WARN_NON_LITERAL_NULL_CONVERSION = YES;
				CLANG_WARN_OBJC_IMPLICIT_RETAIN_SELF = YES;
				CLANG_WARN_OBJC_LITERAL_CONVERSION = YES;
				CLANG_WARN_OBJC_ROOT_CLASS = YES_ERROR;
				CLANG_WARN_QUOTED_INCLUDE_IN_FRAMEWORK_HEADER = YES;
				CLANG_WARN_RANGE_LOOP_ANALYSIS = YES;
				CLANG_WARN_STRICT_PROTOTYPES = YES;
				CLANG_WARN_SUSPICIOUS_MOVE = YES;
				CLANG_WARN_UNGUARDED_AVAILABILITY = YES_AGGRESSIVE;
				CLANG_WARN_UNREACHABLE_CODE = YES;
				CLANG_WARN__DUPLICATE_METHOD_MATCH = YES;
				COPY_PHASE_STRIP = NO;
				DEBUG_INFORMATION_FORMAT = dwarf;
				DEVELOPMENT_TEAM = AM64M5A8BU;
				ENABLE_STRICT_OBJC_MSGSEND = YES;
				ENABLE_TESTABILITY = YES;
				ENABLE_USER_SCRIPT_SANDBOXING = YES;
				GCC_C_LANGUAGE_STANDARD = gnu17;
				GCC_DYNAMIC_NO_PIC = NO;
				GCC_NO_COMMON_BLOCKS = YES;
				GCC_OPTIMIZATION_LEVEL = 0;
				GCC_PREPROCESSOR_DEFINITIONS = (
					"DEBUG=1",
					"$(inherited)",
				);
				GCC_WARN_64_TO_32_BIT_CONVERSION = YES;
				GCC_WARN_ABOUT_RETURN_TYPE = YES_ERROR;
				GCC_WARN_UNDECLARED_SELECTOR = YES;
				GCC_WARN_UNINITIALIZED_AUTOS = YES_AGGRESSIVE;
				GCC_WARN_UNUSED_FUNCTION = YES;
				GCC_WARN_UNUSED_VARIABLE = YES;
				IPHONEOS_DEPLOYMENT_TARGET = 26.0;
				LOCALIZATION_PREFERS_STRING_CATALOGS = YES;
				MTL_ENABLE_DEBUG_INFO = INCLUDE_SOURCE;
				MTL_FAST_MATH = YES;
				ONLY_ACTIVE_ARCH = YES;
				SDKROOT = iphoneos;
				SWIFT_ACTIVE_COMPILATION_CONDITIONS = "DEBUG $(inherited)";
				SWIFT_EMIT_LOC_STRINGS = YES;
				SWIFT_OPTIMIZATION_LEVEL = "-Onone";
			};
			name = Debug;
		};
		056C6C0B2E868A02006C44D3 /* Release */ = {
			isa = XCBuildConfiguration;
			buildSettings = {
				ALWAYS_SEARCH_USER_PATHS = NO;
				ASSETCATALOG_COMPILER_GENERATE_SWIFT_ASSET_SYMBOL_EXTENSIONS = YES;
				CLANG_ANALYZER_LOCALIZABILITY_NONLOCALIZED = YES;
				CLANG_ANALYZER_NONNULL = YES;
				CLANG_ANALYZER_NUMBER_OBJECT_CONVERSION = YES_AGGRESSIVE;
				CLANG_CXX_LANGUAGE_STANDARD = "gnu++20";
				CLANG_ENABLE_MODULES = YES;
				CLANG_ENABLE_OBJC_ARC = YES;
				CLANG_ENABLE_OBJC_WEAK = YES;
				CLANG_WARN_BLOCK_CAPTURE_AUTORELEASING = YES;
				CLANG_WARN_BOOL_CONVERSION = YES;
				CLANG_WARN_COMMA = YES;
				CLANG_WARN_CONSTANT_CONVERSION = YES;
				CLANG_WARN_DEPRECATED_OBJC_IMPLEMENTATIONS = YES;
				CLANG_WARN_DIRECT_OBJC_ISA_USAGE = YES_ERROR;
				CLANG_WARN_DOCUMENTATION_COMMENTS = YES;
				CLANG_WARN_EMPTY_BODY = YES;
				CLANG_WARN_ENUM_CONVERSION = YES;
				CLANG_WARN_INFINITE_RECURSION = YES;
				CLANG_WARN_INT_CONVERSION = YES;
				CLANG_WARN_NON_LITERAL_NULL_CONVERSION = YES;
				CLANG_WARN_OBJC_IMPLICIT_RETAIN_SELF = YES;
				CLANG_WARN_OBJC_LITERAL_CONVERSION = YES;
				CLANG_WARN_OBJC_ROOT_CLASS = YES_ERROR;
				CLANG_WARN_QUOTED_INCLUDE_IN_FRAMEWORK_HEADER = YES;
				CLANG_WARN_RANGE_LOOP_ANALYSIS = YES;
				CLANG_WARN_STRICT_PROTOTYPES = YES;
				CLANG_WARN_SUSPICIOUS_MOVE = YES;
				CLANG_WARN_UNGUARDED_AVAILABILITY = YES_AGGRESSIVE;
				CLANG_WARN_UNREACHABLE_CODE = YES;
				CLANG_WARN__DUPLICATE_METHOD_MATCH = YES;
				COPY_PHASE_STRIP = NO;
				DEBUG_INFORMATION_FORMAT = "dwarf-with-dsym";
				DEVELOPMENT_TEAM = AM64M5A8BU;
				ENABLE_NS_ASSERTIONS = NO;
				ENABLE_STRICT_OBJC_MSGSEND = YES;
				ENABLE_USER_SCRIPT_SANDBOXING = YES;
				GCC_C_LANGUAGE_STANDARD = gnu17;
				GCC_NO_COMMON_BLOCKS = YES;
				GCC_WARN_64_TO_32_BIT_CONVERSION = YES;
				GCC_WARN_ABOUT_RETURN_TYPE = YES_ERROR;
				GCC_WARN_UNDECLARED_SELECTOR = YES;
				GCC_WARN_UNINITIALIZED_AUTOS = YES_AGGRESSIVE;
				GCC_WARN_UNUSED_FUNCTION = YES;
				GCC_WARN_UNUSED_VARIABLE = YES;
				IPHONEOS_DEPLOYMENT_TARGET = 26.0;
				LOCALIZATION_PREFERS_STRING_CATALOGS = YES;
				MTL_ENABLE_DEBUG_INFO = NO;
				MTL_FAST_MATH = YES;
				SDKROOT = iphoneos;
				SWIFT_COMPILATION_MODE = wholemodule;
				SWIFT_EMIT_LOC_STRINGS = YES;
				VALIDATE_PRODUCT = YES;
			};
			name = Release;
		};
		056C6C0D2E868A02006C44D3 /* Debug */ = {
			isa = XCBuildConfiguration;
			buildSettings = {
				ASSETCATALOG_COMPILER_APPICON_NAME = AppIcon;
				ASSETCATALOG_COMPILER_GLOBAL_ACCENT_COLOR_NAME = AccentColor;
				CODE_SIGN_STYLE = Automatic;
				CURRENT_PROJECT_VERSION = 1;
				DEVELOPMENT_TEAM = AM64M5A8BU;
				ENABLE_PREVIEWS = YES;
				GENERATE_INFOPLIST_FILE = YES;
				INFOPLIST_FILE = RustQuiz/Info.plist;
				INFOPLIST_KEY_CFBundleDisplayName = "Rust Quiz";
				INFOPLIST_KEY_LSApplicationCategoryType = "public.app-category.education";
				INFOPLIST_KEY_UIApplicationSceneManifest_Generation = YES;
				INFOPLIST_KEY_UIApplicationSupportsIndirectInputEvents = YES;
				INFOPLIST_KEY_UILaunchScreen_Generation = YES;
				INFOPLIST_KEY_UISupportedInterfaceOrientations = UIInterfaceOrientationPortrait;
				INFOPLIST_KEY_UISupportedInterfaceOrientations_iPad = "UIInterfaceOrientationLandscapeLeft UIInterfaceOrientationLandscapeRight UIInterfaceOrientationPortrait UIInterfaceOrientationPortraitUpsideDown";
				IPHONEOS_DEPLOYMENT_TARGET = 17;
				LD_RUNPATH_SEARCH_PATHS = (
					"$(inherited)",
					"@executable_path/Frameworks",
				);
				MARKETING_VERSION = 1.0;
				PRODUCT_BUNDLE_IDENTIFIER = DenisDenisov.RustQuiz;
				PRODUCT_NAME = "$(TARGET_NAME)";
				STRING_CATALOG_GENERATE_SYMBOLS = YES;
				SUPPORTED_PLATFORMS = "iphoneos iphonesimulator";
				SUPPORTS_MACCATALYST = NO;
				SUPPORTS_MAC_DESIGNED_FOR_IPHONE_IPAD = NO;
				SUPPORTS_XR_DESIGNED_FOR_IPHONE_IPAD = NO;
				SWIFT_APPROACHABLE_CONCURRENCY = YES;
				SWIFT_DEFAULT_ACTOR_ISOLATION = MainActor;
				SWIFT_EMIT_LOC_STRINGS = YES;
				SWIFT_UPCOMING_FEATURE_MEMBER_IMPORT_VISIBILITY = YES;
				SWIFT_VERSION = 5.0;
				TARGETED_DEVICE_FAMILY = 1;
			};
			name = Debug;
		};
		056C6C0E2E868A02006C44D3 /* Release */ = {
			isa = XCBuildConfiguration;
			buildSettings = {
				ASSETCATALOG_COMPILER_APPICON_NAME = AppIcon;
				ASSETCATALOG_COMPILER_GLOBAL_ACCENT_COLOR_NAME = AccentColor;
				CODE_SIGN_STYLE = Automatic;
				CURRENT_PROJECT_VERSION = 1;
				DEVELOPMENT_TEAM = AM64M5A8BU;
				ENABLE_PREVIEWS = YES;
				GENERATE_INFOPLIST_FILE = YES;
				INFOPLIST_FILE = RustQuiz/Info.plist;
				INFOPLIST_KEY_CFBundleDisplayName = "Rust Quiz";
				INFOPLIST_KEY_LSApplicationCategoryType = "public.app-category.education";
				INFOPLIST_KEY_UIApplicationSceneManifest_Generation = YES;
				INFOPLIST_KEY_UIApplicationSupportsIndirectInputEvents = YES;
				INFOPLIST_KEY_UILaunchScreen_Generation = YES;
				INFOPLIST_KEY_UISupportedInterfaceOrientations = UIInterfaceOrientationPortrait;
				INFOPLIST_KEY_UISupportedInterfaceOrientations_iPad = "UIInterfaceOrientationLandscapeLeft UIInterfaceOrientationLandscapeRight UIInterfaceOrientationPortrait UIInterfaceOrientationPortraitUpsideDown";
				IPHONEOS_DEPLOYMENT_TARGET = 17;
				LD_RUNPATH_SEARCH_PATHS = (
					"$(inherited)",
					"@executable_path/Frameworks",
				);
				MARKETING_VERSION = 1.0;
				PRODUCT_BUNDLE_IDENTIFIER = DenisDenisov.RustQuiz;
				PRODUCT_NAME = "$(TARGET_NAME)";
				STRING_CATALOG_GENERATE_SYMBOLS = YES;
				SUPPORTED_PLATFORMS = "iphoneos iphonesimulator";
				SUPPORTS_MACCATALYST = NO;
				SUPPORTS_MAC_DESIGNED_FOR_IPHONE_IPAD = NO;
				SUPPORTS_XR_DESIGNED_FOR_IPHONE_IPAD = NO;
				SWIFT_APPROACHABLE_CONCURRENCY = YES;
				SWIFT_DEFAULT_ACTOR_ISOLATION = MainActor;
				SWIFT_EMIT_LOC_STRINGS = YES;
				SWIFT_UPCOMING_FEATURE_MEMBER_IMPORT_VISIBILITY = YES;
				SWIFT_VERSION = 5.0;
				TARGETED_DEVICE_FAMILY = 1;
			};
			name = Release;
		};
/* End XCBuildConfiguration section */

/* Begin XCConfigurationList section */
		056C6BFC2E868A01006C44D3 /* Build configuration list for PBXProject "RustQuiz" */ = {
			isa = XCConfigurationList;
			buildConfigurations = (
				056C6C0A2E868A02006C44D3 /* Debug */,
				056C6C0B2E868A02006C44D3 /* Release */,
			);
			defaultConfigurationIsVisible = 0;
			defaultConfigurationName = Release;
		};
		056C6C0C2E868A02006C44D3 /* Build configuration list for PBXNativeTarget "RustQuiz" */ = {
			isa = XCConfigurationList;
			buildConfigurations = (
				056C6C0D2E868A02006C44D3 /* Debug */,
				056C6C0E2E868A02006C44D3 /* Release */,
			);
			defaultConfigurationIsVisible = 0;
			defaultConfigurationName = Release;
		};
/* End XCConfigurationList section */

/* Begin XCRemoteSwiftPackageReference section */
		056C6C162E868A47006C44D3 /* XCRemoteSwiftPackageReference "swift-composable-architecture" */ = {
			isa = XCRemoteSwiftPackageReference;
			repositoryURL = "https://github.com/pointfreeco/swift-composable-architecture";
			requirement = {
				kind = upToNextMajorVersion;
				minimumVersion = 1.22.3;
			};
		};
		056C6D092E86C85D006C44D3 /* XCRemoteSwiftPackageReference "sqlite-data" */ = {
			isa = XCRemoteSwiftPackageReference;
			repositoryURL = "https://github.com/pointfreeco/sqlite-data";
			requirement = {
				kind = upToNextMajorVersion;
				minimumVersion = 1.0.0;
			};
		};
/* End XCRemoteSwiftPackageReference section */

/* Begin XCSwiftPackageProductDependency section */
		056C6C172E868A47006C44D3 /* ComposableArchitecture */ = {
			isa = XCSwiftPackageProductDependency;
			package = 056C6C162E868A47006C44D3 /* XCRemoteSwiftPackageReference "swift-composable-architecture" */;
			productName = ComposableArchitecture;
		};
		056C6D0A2E86C85D006C44D3 /* SQLiteData */ = {
			isa = XCSwiftPackageProductDependency;
			package = 056C6D092E86C85D006C44D3 /* XCRemoteSwiftPackageReference "sqlite-data" */;
			productName = SQLiteData;
		};
/* End XCSwiftPackageProductDependency section */
	};
	rootObject = 056C6BF92E868A01006C44D3 /* Project object */;
}
