// !$*UTF8*$!
{
	archiveVersion = 1;
	classes = {
	};
	objectVersion = 77;
	objects = {

/* Begin PBXBuildFile section */
		0533878D2E8A7D7300554004 /* QuizTable.swift in Sources */ = {isa = PBXBuildFile; fileRef = 0533878C2E8A7D7300554004 /* QuizTable.swift */; };
		0533878F2E8A7D8B00554004 /* QuestionTable.swift in Sources */ = {isa = PBXBuildFile; fileRef = 0533878E2E8A7D8B00554004 /* QuestionTable.swift */; };
		053387912E8A7D9000554004 /* AnswerTable.swift in Sources */ = {isa = PBXBuildFile; fileRef = 053387902E8A7D9000554004 /* AnswerTable.swift */; };
		053387CE2E8AAB0000554004 /* SeedService.swift in Sources */ = {isa = PBXBuildFile; fileRef = 053387CD2E8AAB0000554004 /* SeedService.swift */; };
		053388552E8C1A8C00554004 /* Source.swift in Sources */ = {isa = PBXBuildFile; fileRef = 053388542E8C1A8C00554004 /* Source.swift */; };
		053388572E8C1ACA00554004 /* Quiz.swift in Sources */ = {isa = PBXBuildFile; fileRef = 053388562E8C1ACA00554004 /* Quiz.swift */; };
		053388592E8C1B0900554004 /* Question.swift in Sources */ = {isa = PBXBuildFile; fileRef = 053388582E8C1B0900554004 /* Question.swift */; };
		0533885B2E8C1B1800554004 /* Answer.swift in Sources */ = {isa = PBXBuildFile; fileRef = 0533885A2E8C1B1800554004 /* Answer.swift */; };
		055BD1D32E90492800DD5A7E /* the_book_source.json in Resources */ = {isa = PBXBuildFile; fileRef = 055BD1D22E90492800DD5A7E /* the_book_source.json */; };
		056C6C132E868A07006C44D3 /* Assets.xcassets in Resources */ = {isa = PBXBuildFile; fileRef = 056C6C0F2E868A07006C44D3 /* Assets.xcassets */; };
		056C6C152E868A07006C44D3 /* RustQuizApp.swift in Sources */ = {isa = PBXBuildFile; fileRef = 056C6C112E868A07006C44D3 /* RustQuizApp.swift */; };
		056C6C182E868A47006C44D3 /* ComposableArchitecture in Frameworks */ = {isa = PBXBuildFile; productRef = 056C6C172E868A47006C44D3 /* ComposableArchitecture */; };
		056C6C612E868E98006C44D3 /* RootScreenView.swift in Sources */ = {isa = PBXBuildFile; fileRef = 056C6C5F2E868E98006C44D3 /* RootScreenView.swift */; };
		056C6C622E868E98006C44D3 /*  RootScreenFeature.swift in Sources */ = {isa = PBXBuildFile; fileRef = 056C6C5E2E868E98006C44D3 /*  RootScreenFeature.swift */; };
		056C6CDD2E86B47D006C44D3 /*  SettingsScreenFeature.swift in Sources */ = {isa = PBXBuildFile; fileRef = 056C6CDA2E86B47D006C44D3 /*  SettingsScreenFeature.swift */; };
		056C6CDE2E86B47D006C44D3 /* SettingsScreenView.swift in Sources */ = {isa = PBXBuildFile; fileRef = 056C6CDB2E86B47D006C44D3 /* SettingsScreenView.swift */; };
		056C6CE22E86B48C006C44D3 /* QuizScreenView.swift in Sources */ = {isa = PBXBuildFile; fileRef = 056C6CE02E86B48C006C44D3 /* QuizScreenView.swift */; };
		056C6CE32E86B48C006C44D3 /*  QuizScreenFeature.swift in Sources */ = {isa = PBXBuildFile; fileRef = 056C6CDF2E86B48C006C44D3 /*  QuizScreenFeature.swift */; };
		056C6CE72E86B644006C44D3 /*  MainScreenFeature.swift in Sources */ = {isa = PBXBuildFile; fileRef = 056C6CE42E86B644006C44D3 /*  MainScreenFeature.swift */; };
		056C6CE82E86B644006C44D3 /* MainScreenView.swift in Sources */ = {isa = PBXBuildFile; fileRef = 056C6CE52E86B644006C44D3 /* MainScreenView.swift */; };
		056C6CEC2E86B6BB006C44D3 /*  OnBoardingScreenFeature.swift in Sources */ = {isa = PBXBuildFile; fileRef = 056C6CE92E86B6BB006C44D3 /*  OnBoardingScreenFeature.swift */; };
		056C6CED2E86B6BB006C44D3 /* OnBoardingScreenView.swift in Sources */ = {isa = PBXBuildFile; fileRef = 056C6CEA2E86B6BB006C44D3 /* OnBoardingScreenView.swift */; };
		056C6D0B2E86C85D006C44D3 /* SQLiteData in Frameworks */ = {isa = PBXBuildFile; productRef = 056C6D0A2E86C85D006C44D3 /* SQLiteData */; };
		056C6D0E2E89318B006C44D3 /* SourceTable.swift in Sources */ = {isa = PBXBuildFile; fileRef = 056C6D0D2E89318B006C44D3 /* SourceTable.swift */; };
		056C6D112E8940A1006C44D3 /* StorageService.swift in Sources */ = {isa = PBXBuildFile; fileRef = 056C6D102E8940A1006C44D3 /* StorageService.swift */; };
		05E636872E8FDDE60017E5B7 /* Localizable.strings in Resources */ = {isa = PBXBuildFile; fileRef = 05E636852E8FDDE60017E5B7 /* Localizable.strings */; };
/* End PBXBuildFile section */

/* Begin PBXFileReference section */
		0533878C2E8A7D7300554004 /* QuizTable.swift */ = {isa = PBXFileReference; lastKnownFileType = sourcecode.swift; path = QuizTable.swift; sourceTree = "<group>"; };
		0533878E2E8A7D8B00554004 /* QuestionTable.swift */ = {isa = PBXFileReference; lastKnownFileType = sourcecode.swift; path = QuestionTable.swift; sourceTree = "<group>"; };
		053387902E8A7D9000554004 /* AnswerTable.swift */ = {isa = PBXFileReference; lastKnownFileType = sourcecode.swift; path = AnswerTable.swift; sourceTree = "<group>"; };
		053387CD2E8AAB0000554004 /* SeedService.swift */ = {isa = PBXFileReference; lastKnownFileType = sourcecode.swift; path = SeedService.swift; sourceTree = "<group>"; };
		053388542E8C1A8C00554004 /* Source.swift */ = {isa = PBXFileReference; lastKnownFileType = sourcecode.swift; path = Source.swift; sourceTree = "<group>"; };
		053388562E8C1ACA00554004 /* Quiz.swift */ = {isa = PBXFileReference; lastKnownFileType = sourcecode.swift; path = Quiz.swift; sourceTree = "<group>"; };
		053388582E8C1B0900554004 /* Question.swift */ = {isa = PBXFileReference; lastKnownFileType = sourcecode.swift; path = Question.swift; sourceTree = "<group>"; };
		0533885A2E8C1B1800554004 /* Answer.swift */ = {isa = PBXFileReference; lastKnownFileType = sourcecode.swift; path = Answer.swift; sourceTree = "<group>"; };
		055BD1D22E90492800DD5A7E /* the_book_source.json */ = {isa = PBXFileReference; lastKnownFileType = text.json; path = the_book_source.json; sourceTree = "<group>"; };
		056C6C012E868A01006C44D3 /* RustQuiz.app */ = {isa = PBXFileReference; explicitFileType = wrapper.application; includeInIndex = 0; path = RustQuiz.app; sourceTree = BUILT_PRODUCTS_DIR; };
		056C6C0F2E868A07006C44D3 /* Assets.xcassets */ = {isa = PBXFileReference; lastKnownFileType = folder.assetcatalog; path = Assets.xcassets; sourceTree = "<group>"; };
		056C6C112E868A07006C44D3 /* RustQuizApp.swift */ = {isa = PBXFileReference; lastKnownFileType = sourcecode.swift; path = RustQuizApp.swift; sourceTree = "<group>"; };
		056C6C5E2E868E98006C44D3 /*  RootScreenFeature.swift */ = {isa = PBXFileReference; lastKnownFileType = sourcecode.swift; path = " RootScreenFeature.swift"; sourceTree = "<group>"; };
		056C6C5F2E868E98006C44D3 /* RootScreenView.swift */ = {isa = PBXFileReference; lastKnownFileType = sourcecode.swift; path = RootScreenView.swift; sourceTree = "<group>"; };
		056C6CDA2E86B47D006C44D3 /*  SettingsScreenFeature.swift */ = {isa = PBXFileReference; lastKnownFileType = sourcecode.swift; path = " SettingsScreenFeature.swift"; sourceTree = "<group>"; };
		056C6CDB2E86B47D006C44D3 /* SettingsScreenView.swift */ = {isa = PBXFileReference; lastKnownFileType = sourcecode.swift; path = SettingsScreenView.swift; sourceTree = "<group>"; };
		056C6CDF2E86B48C006C44D3 /*  QuizScreenFeature.swift */ = {isa = PBXFileReference; lastKnownFileType = sourcecode.swift; path = " QuizScreenFeature.swift"; sourceTree = "<group>"; };
		056C6CE02E86B48C006C44D3 /* QuizScreenView.swift */ = {isa = PBXFileReference; lastKnownFileType = sourcecode.swift; path = QuizScreenView.swift; sourceTree = "<group>"; };
		056C6CE42E86B644006C44D3 /*  MainScreenFeature.swift */ = {isa = PBXFileReference; lastKnownFileType = sourcecode.swift; path = " MainScreenFeature.swift"; sourceTree = "<group>"; };
		056C6CE52E86B644006C44D3 /* MainScreenView.swift */ = {isa = PBXFileReference; lastKnownFileType = sourcecode.swift; path = MainScreenView.swift; sourceTree = "<group>"; };
		056C6CE92E86B6BB006C44D3 /*  OnBoardingScreenFeature.swift */ = {isa = PBXFileReference; lastKnownFileType = sourcecode.swift; path = " OnBoardingScreenFeature.swift"; sourceTree = "<group>"; };
		056C6CEA2E86B6BB006C44D3 /* OnBoardingScreenView.swift */ = {isa = PBXFileReference; lastKnownFileType = sourcecode.swift; path = OnBoardingScreenView.swift; sourceTree = "<group>"; };
		056C6D0D2E89318B006C44D3 /* SourceTable.swift */ = {isa = PBXFileReference; lastKnownFileType = sourcecode.swift; path = SourceTable.swift; sourceTree = "<group>"; };
		056C6D102E8940A1006C44D3 /* StorageService.swift */ = {isa = PBXFileReference; lastKnownFileType = sourcecode.swift; path = StorageService.swift; sourceTree = "<group>"; };
		05E636862E8FDDE60017E5B7 /* en */ = {isa = PBXFileReference; lastKnownFileType = text.plist.strings; name = en; path = en.lproj/Localizable.strings; sourceTree = "<group>"; };
		05E636882E8FDDEF0017E5B7 /* ru */ = {isa = PBXFileReference; lastKnownFileType = text.plist.strings; name = ru; path = ru.lproj/Localizable.strings; sourceTree = "<group>"; };
/* End PBXFileReference section */

/* Begin PBXFrameworksBuildPhase section */
		056C6BFE2E868A01006C44D3 /* Frameworks */ = {
			isa = PBXFrameworksBuildPhase;
			buildActionMask = 2147483647;
			files = (
				056C6D0B2E86C85D006C44D3 /* SQLiteData in Frameworks */,
				056C6C182E868A47006C44D3 /* ComposableArchitecture in Frameworks */,
			);
			runOnlyForDeploymentPostprocessing = 0;
		};
/* End PBXFrameworksBuildPhase section */

/* Begin PBXGroup section */
		053388532E8C1A5F00554004 /* Models */ = {
			isa = PBXGroup;
			children = (
				053388542E8C1A8C00554004 /* Source.swift */,
				053388562E8C1ACA00554004 /* Quiz.swift */,
				053388582E8C1B0900554004 /* Question.swift */,
				0533885A2E8C1B1800554004 /* Answer.swift */,
			);
			path = Models;
			sourceTree = "<group>";
		};
		0538A1C02E8FEA1A00476620 /* SeedFilesJSON */ = {
			isa = PBXGroup;
			children = (
				055BD1D22E90492800DD5A7E /* the_book_source.json */,
			);
			path = SeedFilesJSON;
			sourceTree = "<group>";
		};
		056C6BF82E868A01006C44D3 = {
			isa = PBXGroup;
			children = (
				056C6C122E868A07006C44D3 /* RustQuiz */,
				056C6C022E868A01006C44D3 /* Products */,
			);
			sourceTree = "<group>";
		};
		056C6C022E868A01006C44D3 /* Products */ = {
			isa = PBXGroup;
			children = (
				056C6C012E868A01006C44D3 /* RustQuiz.app */,
			);
			name = Products;
			sourceTree = "<group>";
		};
		056C6C122E868A07006C44D3 /* RustQuiz */ = {
			isa = PBXGroup;
			children = (
				05E635F32E8E8A4C0017E5B7 /* Localization */,
				05D5259E2E89546A0002C6BE /* App */,
				056C6C602E868E98006C44D3 /* RootScreen */,
				056C6CEB2E86B6BB006C44D3 /* OnBoardingScreen */,
				056C6CE62E86B644006C44D3 /* MainScreen */,
				056C6CDC2E86B47D006C44D3 /* SettingsScreen */,
				056C6CE12E86B48C006C44D3 /* QuizScreen */,
				053388532E8C1A5F00554004 /* Models */,
				056C6D0C2E89306F006C44D3 /* Schema */,
				056C6D0F2E894088006C44D3 /* Services */,
				0538A1C02E8FEA1A00476620 /* SeedFilesJSON */,
				056C6C0F2E868A07006C44D3 /* Assets.xcassets */,
			);
			path = RustQuiz;
			sourceTree = "<group>";
		};
		056C6C602E868E98006C44D3 /* RootScreen */ = {
			isa = PBXGroup;
			children = (
				056C6C5E2E868E98006C44D3 /*  RootScreenFeature.swift */,
				056C6C5F2E868E98006C44D3 /* RootScreenView.swift */,
			);
			path = RootScreen;
			sourceTree = "<group>";
		};
		056C6CDC2E86B47D006C44D3 /* SettingsScreen */ = {
			isa = PBXGroup;
			children = (
				056C6CDA2E86B47D006C44D3 /*  SettingsScreenFeature.swift */,
				056C6CDB2E86B47D006C44D3 /* SettingsScreenView.swift */,
			);
			path = SettingsScreen;
			sourceTree = "<group>";
		};
		056C6CE12E86B48C006C44D3 /* QuizScreen */ = {
			isa = PBXGroup;
			children = (
				056C6CDF2E86B48C006C44D3 /*  QuizScreenFeature.swift */,
				056C6CE02E86B48C006C44D3 /* QuizScreenView.swift */,
			);
			path = QuizScreen;
			sourceTree = "<group>";
		};
		056C6CE62E86B644006C44D3 /* MainScreen */ = {
			isa = PBXGroup;
			children = (
				056C6CE42E86B644006C44D3 /*  MainScreenFeature.swift */,
				056C6CE52E86B644006C44D3 /* MainScreenView.swift */,
			);
			path = MainScreen;
			sourceTree = "<group>";
		};
		056C6CEB2E86B6BB006C44D3 /* OnBoardingScreen */ = {
			isa = PBXGroup;
			children = (
				056C6CE92E86B6BB006C44D3 /*  OnBoardingScreenFeature.swift */,
				056C6CEA2E86B6BB006C44D3 /* OnBoardingScreenView.swift */,
			);
			path = OnBoardingScreen;
			sourceTree = "<group>";
		};
		056C6D0C2E89306F006C44D3 /* Schema */ = {
			isa = PBXGroup;
			children = (
				056C6D0D2E89318B006C44D3 /* SourceTable.swift */,
				0533878C2E8A7D7300554004 /* QuizTable.swift */,
				0533878E2E8A7D8B00554004 /* QuestionTable.swift */,
				053387902E8A7D9000554004 /* AnswerTable.swift */,
			);
			path = Schema;
			sourceTree = "<group>";
		};
		056C6D0F2E894088006C44D3 /* Services */ = {
			isa = PBXGroup;
			children = (
				056C6D102E8940A1006C44D3 /* StorageService.swift */,
				053387CD2E8AAB0000554004 /* SeedService.swift */,
			);
			path = Services;
			sourceTree = "<group>";
		};
		05D5259E2E89546A0002C6BE /* App */ = {
			isa = PBXGroup;
			children = (
				056C6C112E868A07006C44D3 /* RustQuizApp.swift */,
			);
			path = App;
			sourceTree = "<group>";
		};
		05E635F32E8E8A4C0017E5B7 /* Localization */ = {
			isa = PBXGroup;
			children = (
				05E636852E8FDDE60017E5B7 /* Localizable.strings */,
			);
			path = Localization;
			sourceTree = "<group>";
		};
/* End PBXGroup section */

/* Begin PBXNativeTarget section */
		056C6C002E868A01006C44D3 /* RustQuiz */ = {
			isa = PBXNativeTarget;
			buildConfigurationList = 056C6C0C2E868A02006C44D3 /* Build configuration list for PBXNativeTarget "RustQuiz" */;
			buildPhases = (
				056C6BFD2E868A01006C44D3 /* Sources */,
				056C6BFE2E868A01006C44D3 /* Frameworks */,
				056C6BFF2E868A01006C44D3 /* Resources */,
			);
			buildRules = (
			);
			dependencies = (
			);
			name = RustQuiz;
			packageProductDependencies = (
				056C6C172E868A47006C44D3 /* ComposableArchitecture */,
				056C6D0A2E86C85D006C44D3 /* SQLiteData */,
			);
			productName = RustQuiz;
			productReference = 056C6C012E868A01006C44D3 /* RustQuiz.app */;
			productType = "com.apple.product-type.application";
		};
/* End PBXNativeTarget section */

/* Begin PBXProject section */
		056C6BF92E868A01006C44D3 /* Project object */ = {
			isa = PBXProject;
			attributes = {
				BuildIndependentTargetsInParallel = 1;
				LastSwiftUpdateCheck = 2600;
				LastUpgradeCheck = 2600;
				TargetAttributes = {
					056C6C002E868A01006C44D3 = {
						CreatedOnToolsVersion = 26.0;
					};
				};
			};
			buildConfigurationList = 056C6BFC2E868A01006C44D3 /* Build configuration list for PBXProject "RustQuiz" */;
			developmentRegion = en;
			hasScannedForEncodings = 0;
			knownRegions = (
				en,
				Base,
				ru,
			);
			mainGroup = 056C6BF82E868A01006C44D3;
			minimizedProjectReferenceProxies = 1;
			packageReferences = (
				056C6C162E868A47006C44D3 /* XCRemoteSwiftPackageReference "swift-composable-architecture" */,
				056C6D092E86C85D006C44D3 /* XCRemoteSwiftPackageReference "sqlite-data" */,
			);
			preferredProjectObjectVersion = 77;
			productRefGroup = 056C6C022E868A01006C44D3 /* Products */;
			projectDirPath = "";
			projectRoot = "";
			targets = (
				056C6C002E868A01006C44D3 /* RustQuiz */,
			);
		};
/* End PBXProject section */

/* Begin PBXResourcesBuildPhase section */
		056C6BFF2E868A01006C44D3 /* Resources */ = {
			isa = PBXResourcesBuildPhase;
			buildActionMask = 2147483647;
			files = (
				056C6C132E868A07006C44D3 /* Assets.xcassets in Resources */,
				055BD1D32E90492800DD5A7E /* the_book_source.json in Resources */,
				05E636872E8FDDE60017E5B7 /* Localizable.strings in Resources */,
			);
			runOnlyForDeploymentPostprocessing = 0;
		};
/* End PBXResourcesBuildPhase section */

/* Begin PBXSourcesBuildPhase section */
		056C6BFD2E868A01006C44D3 /* Sources */ = {
			isa = PBXSourcesBuildPhase;
			buildActionMask = 2147483647;
			files = (
				0533878F2E8A7D8B00554004 /* QuestionTable.swift in Sources */,
				056C6C152E868A07006C44D3 /* RustQuizApp.swift in Sources */,
				053387CE2E8AAB0000554004 /* SeedService.swift in Sources */,
				0533885B2E8C1B1800554004 /* Answer.swift in Sources */,
				056C6C612E868E98006C44D3 /* RootScreenView.swift in Sources */,
				0533878D2E8A7D7300554004 /* QuizTable.swift in Sources */,
				053388592E8C1B0900554004 /* Question.swift in Sources */,
				056C6C622E868E98006C44D3 /*  RootScreenFeature.swift in Sources */,
				056C6CE72E86B644006C44D3 /*  MainScreenFeature.swift in Sources */,
				056C6CE82E86B644006C44D3 /* MainScreenView.swift in Sources */,
				053387912E8A7D9000554004 /* AnswerTable.swift in Sources */,
				056C6D112E8940A1006C44D3 /* StorageService.swift in Sources */,
				056C6CDD2E86B47D006C44D3 /*  SettingsScreenFeature.swift in Sources */,
				056C6CDE2E86B47D006C44D3 /* SettingsScreenView.swift in Sources */,
				056C6CE22E86B48C006C44D3 /* QuizScreenView.swift in Sources */,
				056C6CE32E86B48C006C44D3 /*  QuizScreenFeature.swift in Sources */,
				053388552E8C1A8C00554004 /* Source.swift in Sources */,
				053388572E8C1ACA00554004 /* Quiz.swift in Sources */,
				056C6D0E2E89318B006C44D3 /* SourceTable.swift in Sources */,
				056C6CEC2E86B6BB006C44D3 /*  OnBoardingScreenFeature.swift in Sources */,
				056C6CED2E86B6BB006C44D3 /* OnBoardingScreenView.swift in Sources */,
			);
			runOnlyForDeploymentPostprocessing = 0;
		};
/* End PBXSourcesBuildPhase section */

/* Begin PBXVariantGroup section */
		05E636852E8FDDE60017E5B7 /* Localizable.strings */ = {
			isa = PBXVariantGroup;
			children = (
				05E636862E8FDDE60017E5B7 /* en */,
				05E636882E8FDDEF0017E5B7 /* ru */,
			);
			name = Localizable.strings;
			sourceTree = "<group>";
		};
/* End PBXVariantGroup section */

/* Begin XCBuildConfiguration section */
		056C6C0A2E868A02006C44D3 /* Debug */ = {
			isa = XCBuildConfiguration;
			buildSettings = {
				ALWAYS_SEARCH_USER_PATHS = NO;
				ASSETCATALOG_COMPILER_GENERATE_SWIFT_ASSET_SYMBOL_EXTENSIONS = YES;
				CLANG_ANALYZER_LOCALIZABILITY_NONLOCALIZED = YES;
				CLANG_ANALYZER_NONNULL = YES;
				CLANG_ANALYZER_NUMBER_OBJECT_CONVERSION = YES_AGGRESSIVE;
				CLANG_CXX_LANGUAGE_STANDARD = "gnu++20";
				CLANG_ENABLE_MODULES = YES;
				CLANG_ENABLE_OBJC_ARC = YES;
				CLANG_ENABLE_OBJC_WEAK = YES;
				CLANG_WARN_BLOCK_CAPTURE_AUTORELEASING = YES;
				CLANG_WARN_BOOL_CONVERSION = YES;
				CLANG_WARN_COMMA = YES;
				CLANG_WARN_CONSTANT_CONVERSION = YES;
				CLANG_WARN_DEPRECATED_OBJC_IMPLEMENTATIONS = YES;
				CLANG_WARN_DIRECT_OBJC_ISA_USAGE = YES_ERROR;
				CLANG_WARN_DOCUMENTATION_COMMENTS = YES;
				CLANG_WARN_EMPTY_BODY = YES;
				CLANG_WARN_ENUM_CONVERSION = YES;
				CLANG_WARN_INFINITE_RECURSION = YES;
				CLANG_WARN_INT_CONVERSION = YES;
				CLANG_WARN_NON_LITERAL_NULL_CONVERSION = YES;
				CLANG_WARN_OBJC_IMPLICIT_RETAIN_SELF = YES;
				CLANG_WARN_OBJC_LITERAL_CONVERSION = YES;
				CLANG_WARN_OBJC_ROOT_CLASS = YES_ERROR;
				CLANG_WARN_QUOTED_INCLUDE_IN_FRAMEWORK_HEADER = YES;
				CLANG_WARN_RANGE_LOOP_ANALYSIS = YES;
				CLANG_WARN_STRICT_PROTOTYPES = YES;
				CLANG_WARN_SUSPICIOUS_MOVE = YES;
				CLANG_WARN_UNGUARDED_AVAILABILITY = YES_AGGRESSIVE;
				CLANG_WARN_UNREACHABLE_CODE = YES;
				CLANG_WARN__DUPLICATE_METHOD_MATCH = YES;
				COPY_PHASE_STRIP = NO;
				DEBUG_INFORMATION_FORMAT = dwarf;
				DEVELOPMENT_TEAM = AM64M5A8BU;
				ENABLE_STRICT_OBJC_MSGSEND = YES;
				ENABLE_TESTABILITY = YES;
				ENABLE_USER_SCRIPT_SANDBOXING = YES;
				GCC_C_LANGUAGE_STANDARD = gnu17;
				GCC_DYNAMIC_NO_PIC = NO;
				GCC_NO_COMMON_BLOCKS = YES;
				GCC_OPTIMIZATION_LEVEL = 0;
				GCC_PREPROCESSOR_DEFINITIONS = (
					"DEBUG=1",
					"$(inherited)",
				);
				GCC_WARN_64_TO_32_BIT_CONVERSION = YES;
				GCC_WARN_ABOUT_RETURN_TYPE = YES_ERROR;
				GCC_WARN_UNDECLARED_SELECTOR = YES;
				GCC_WARN_UNINITIALIZED_AUTOS = YES_AGGRESSIVE;
				GCC_WARN_UNUSED_FUNCTION = YES;
				GCC_WARN_UNUSED_VARIABLE = YES;
				IPHONEOS_DEPLOYMENT_TARGET = 26.0;
				LOCALIZATION_PREFERS_STRING_CATALOGS = YES;
				MTL_ENABLE_DEBUG_INFO = INCLUDE_SOURCE;
				MTL_FAST_MATH = YES;
				ONLY_ACTIVE_ARCH = YES;
				SDKROOT = iphoneos;
				SWIFT_ACTIVE_COMPILATION_CONDITIONS = "DEBUG $(inherited)";
				SWIFT_EMIT_LOC_STRINGS = YES;
				SWIFT_OPTIMIZATION_LEVEL = "-Onone";
			};
			name = Debug;
		};
		056C6C0B2E868A02006C44D3 /* Release */ = {
			isa = XCBuildConfiguration;
			buildSettings = {
				ALWAYS_SEARCH_USER_PATHS = NO;
				ASSETCATALOG_COMPILER_GENERATE_SWIFT_ASSET_SYMBOL_EXTENSIONS = YES;
				CLANG_ANALYZER_LOCALIZABILITY_NONLOCALIZED = YES;
				CLANG_ANALYZER_NONNULL = YES;
				CLANG_ANALYZER_NUMBER_OBJECT_CONVERSION = YES_AGGRESSIVE;
				CLANG_CXX_LANGUAGE_STANDARD = "gnu++20";
				CLANG_ENABLE_MODULES = YES;
				CLANG_ENABLE_OBJC_ARC = YES;
				CLANG_ENABLE_OBJC_WEAK = YES;
				CLANG_WARN_BLOCK_CAPTURE_AUTORELEASING = YES;
				CLANG_WARN_BOOL_CONVERSION = YES;
				CLANG_WARN_COMMA = YES;
				CLANG_WARN_CONSTANT_CONVERSION = YES;
				CLANG_WARN_DEPRECATED_OBJC_IMPLEMENTATIONS = YES;
				CLANG_WARN_DIRECT_OBJC_ISA_USAGE = YES_ERROR;
				CLANG_WARN_DOCUMENTATION_COMMENTS = YES;
				CLANG_WARN_EMPTY_BODY = YES;
				CLANG_WARN_ENUM_CONVERSION = YES;
				CLANG_WARN_INFINITE_RECURSION = YES;
				CLANG_WARN_INT_CONVERSION = YES;
				CLANG_WARN_NON_LITERAL_NULL_CONVERSION = YES;
				CLANG_WARN_OBJC_IMPLICIT_RETAIN_SELF = YES;
				CLANG_WARN_OBJC_LITERAL_CONVERSION = YES;
				CLANG_WARN_OBJC_ROOT_CLASS = YES_ERROR;
				CLANG_WARN_QUOTED_INCLUDE_IN_FRAMEWORK_HEADER = YES;
				CLANG_WARN_RANGE_LOOP_ANALYSIS = YES;
				CLANG_WARN_STRICT_PROTOTYPES = YES;
				CLANG_WARN_SUSPICIOUS_MOVE = YES;
				CLANG_WARN_UNGUARDED_AVAILABILITY = YES_AGGRESSIVE;
				CLANG_WARN_UNREACHABLE_CODE = YES;
				CLANG_WARN__DUPLICATE_METHOD_MATCH = YES;
				COPY_PHASE_STRIP = NO;
				DEBUG_INFORMATION_FORMAT = "dwarf-with-dsym";
				DEVELOPMENT_TEAM = AM64M5A8BU;
				ENABLE_NS_ASSERTIONS = NO;
				ENABLE_STRICT_OBJC_MSGSEND = YES;
				ENABLE_USER_SCRIPT_SANDBOXING = YES;
				GCC_C_LANGUAGE_STANDARD = gnu17;
				GCC_NO_COMMON_BLOCKS = YES;
				GCC_WARN_64_TO_32_BIT_CONVERSION = YES;
				GCC_WARN_ABOUT_RETURN_TYPE = YES_ERROR;
				GCC_WARN_UNDECLARED_SELECTOR = YES;
				GCC_WARN_UNINITIALIZED_AUTOS = YES_AGGRESSIVE;
				GCC_WARN_UNUSED_FUNCTION = YES;
				GCC_WARN_UNUSED_VARIABLE = YES;
				IPHONEOS_DEPLOYMENT_TARGET = 26.0;
				LOCALIZATION_PREFERS_STRING_CATALOGS = YES;
				MTL_ENABLE_DEBUG_INFO = NO;
				MTL_FAST_MATH = YES;
				SDKROOT = iphoneos;
				SWIFT_COMPILATION_MODE = wholemodule;
				SWIFT_EMIT_LOC_STRINGS = YES;
				VALIDATE_PRODUCT = YES;
			};
			name = Release;
		};
		056C6C0D2E868A02006C44D3 /* Debug */ = {
			isa = XCBuildConfiguration;
			buildSettings = {
				ASSETCATALOG_COMPILER_APPICON_NAME = AppIcon;
				ASSETCATALOG_COMPILER_GLOBAL_ACCENT_COLOR_NAME = AccentColor;
				CODE_SIGN_STYLE = Automatic;
				CURRENT_PROJECT_VERSION = 1;
				DEVELOPMENT_TEAM = AM64M5A8BU;
				ENABLE_PREVIEWS = YES;
				GENERATE_INFOPLIST_FILE = YES;
				INFOPLIST_KEY_UIApplicationSceneManifest_Generation = YES;
				INFOPLIST_KEY_UIApplicationSupportsIndirectInputEvents = YES;
				INFOPLIST_KEY_UILaunchScreen_Generation = YES;
				INFOPLIST_KEY_UISupportedInterfaceOrientations = UIInterfaceOrientationPortrait;
				INFOPLIST_KEY_UISupportedInterfaceOrientations_iPad = "UIInterfaceOrientationLandscapeLeft UIInterfaceOrientationLandscapeRight UIInterfaceOrientationPortrait UIInterfaceOrientationPortraitUpsideDown";
				IPHONEOS_DEPLOYMENT_TARGET = 17;
				LD_RUNPATH_SEARCH_PATHS = (
					"$(inherited)",
					"@executable_path/Frameworks",
				);
				MARKETING_VERSION = 1.0;
				PRODUCT_BUNDLE_IDENTIFIER = DenisDenisov.RustQuiz;
				PRODUCT_NAME = "$(TARGET_NAME)";
				STRING_CATALOG_GENERATE_SYMBOLS = YES;
				SUPPORTED_PLATFORMS = "iphoneos iphonesimulator";
				SUPPORTS_MACCATALYST = NO;
				SUPPORTS_MAC_DESIGNED_FOR_IPHONE_IPAD = NO;
				SUPPORTS_XR_DESIGNED_FOR_IPHONE_IPAD = NO;
				SWIFT_APPROACHABLE_CONCURRENCY = YES;
				SWIFT_DEFAULT_ACTOR_ISOLATION = MainActor;
				SWIFT_EMIT_LOC_STRINGS = YES;
				SWIFT_UPCOMING_FEATURE_MEMBER_IMPORT_VISIBILITY = YES;
				SWIFT_VERSION = 5.0;
				TARGETED_DEVICE_FAMILY = 1;
			};
			name = Debug;
		};
		056C6C0E2E868A02006C44D3 /* Release */ = {
			isa = XCBuildConfiguration;
			buildSettings = {
				ASSETCATALOG_COMPILER_APPICON_NAME = AppIcon;
				ASSETCATALOG_COMPILER_GLOBAL_ACCENT_COLOR_NAME = AccentColor;
				CODE_SIGN_STYLE = Automatic;
				CURRENT_PROJECT_VERSION = 1;
				DEVELOPMENT_TEAM = AM64M5A8BU;
				ENABLE_PREVIEWS = YES;
				GENERATE_INFOPLIST_FILE = YES;
				INFOPLIST_KEY_UIApplicationSceneManifest_Generation = YES;
				INFOPLIST_KEY_UIApplicationSupportsIndirectInputEvents = YES;
				INFOPLIST_KEY_UILaunchScreen_Generation = YES;
				INFOPLIST_KEY_UISupportedInterfaceOrientations = UIInterfaceOrientationPortrait;
				INFOPLIST_KEY_UISupportedInterfaceOrientations_iPad = "UIInterfaceOrientationLandscapeLeft UIInterfaceOrientationLandscapeRight UIInterfaceOrientationPortrait UIInterfaceOrientationPortraitUpsideDown";
				IPHONEOS_DEPLOYMENT_TARGET = 17;
				LD_RUNPATH_SEARCH_PATHS = (
					"$(inherited)",
					"@executable_path/Frameworks",
				);
				MARKETING_VERSION = 1.0;
				PRODUCT_BUNDLE_IDENTIFIER = DenisDenisov.RustQuiz;
				PRODUCT_NAME = "$(TARGET_NAME)";
				STRING_CATALOG_GENERATE_SYMBOLS = YES;
				SUPPORTED_PLATFORMS = "iphoneos iphonesimulator";
				SUPPORTS_MACCATALYST = NO;
				SUPPORTS_MAC_DESIGNED_FOR_IPHONE_IPAD = NO;
				SUPPORTS_XR_DESIGNED_FOR_IPHONE_IPAD = NO;
				SWIFT_APPROACHABLE_CONCURRENCY = YES;
				SWIFT_DEFAULT_ACTOR_ISOLATION = MainActor;
				SWIFT_EMIT_LOC_STRINGS = YES;
				SWIFT_UPCOMING_FEATURE_MEMBER_IMPORT_VISIBILITY = YES;
				SWIFT_VERSION = 5.0;
				TARGETED_DEVICE_FAMILY = 1;
			};
			name = Release;
		};
/* End XCBuildConfiguration section */

/* Begin XCConfigurationList section */
		056C6BFC2E868A01006C44D3 /* Build configuration list for PBXProject "RustQuiz" */ = {
			isa = XCConfigurationList;
			buildConfigurations = (
				056C6C0A2E868A02006C44D3 /* Debug */,
				056C6C0B2E868A02006C44D3 /* Release */,
			);
			defaultConfigurationIsVisible = 0;
			defaultConfigurationName = Release;
		};
		056C6C0C2E868A02006C44D3 /* Build configuration list for PBXNativeTarget "RustQuiz" */ = {
			isa = XCConfigurationList;
			buildConfigurations = (
				056C6C0D2E868A02006C44D3 /* Debug */,
				056C6C0E2E868A02006C44D3 /* Release */,
			);
			defaultConfigurationIsVisible = 0;
			defaultConfigurationName = Release;
		};
/* End XCConfigurationList section */

/* Begin XCRemoteSwiftPackageReference section */
		056C6C162E868A47006C44D3 /* XCRemoteSwiftPackageReference "swift-composable-architecture" */ = {
			isa = XCRemoteSwiftPackageReference;
			repositoryURL = "https://github.com/pointfreeco/swift-composable-architecture";
			requirement = {
				kind = upToNextMajorVersion;
				minimumVersion = 1.22.3;
			};
		};
		056C6D092E86C85D006C44D3 /* XCRemoteSwiftPackageReference "sqlite-data" */ = {
			isa = XCRemoteSwiftPackageReference;
			repositoryURL = "https://github.com/pointfreeco/sqlite-data";
			requirement = {
				kind = upToNextMajorVersion;
				minimumVersion = 1.0.0;
			};
		};
/* End XCRemoteSwiftPackageReference section */

/* Begin XCSwiftPackageProductDependency section */
		056C6C172E868A47006C44D3 /* ComposableArchitecture */ = {
			isa = XCSwiftPackageProductDependency;
			package = 056C6C162E868A47006C44D3 /* XCRemoteSwiftPackageReference "swift-composable-architecture" */;
			productName = ComposableArchitecture;
		};
		056C6D0A2E86C85D006C44D3 /* SQLiteData */ = {
			isa = XCSwiftPackageProductDependency;
			package = 056C6D092E86C85D006C44D3 /* XCRemoteSwiftPackageReference "sqlite-data" */;
			productName = SQLiteData;
		};
/* End XCSwiftPackageProductDependency section */
	};
	rootObject = 056C6BF92E868A01006C44D3 /* Project object */;
}
